// !$*UTF8*$!
{
	archiveVersion = 1;
	classes = {
	};
	objectVersion = 46;
	objects = {

/* Begin PBXBuildFile section */
		5E074172190FCFD600688477 /* TabBarController.m in Sources */ = {isa = PBXBuildFile; fileRef = 5E074171190FCFD600688477 /* TabBarController.m */; };
		5E074175190FD1E900688477 /* UIColor+RKColor.m in Sources */ = {isa = PBXBuildFile; fileRef = 5E074174190FD1E900688477 /* UIColor+RKColor.m */; };
		5E086CAF194CA628000389C3 /* prague_center.gpx in Resources */ = {isa = PBXBuildFile; fileRef = 5E086CAE194CA628000389C3 /* prague_center.gpx */; };
		5E1DF89C1907BB8100127F56 /* Foundation.framework in Frameworks */ = {isa = PBXBuildFile; fileRef = 5E1DF89B1907BB8100127F56 /* Foundation.framework */; };
		5E1DF89E1907BB8100127F56 /* CoreGraphics.framework in Frameworks */ = {isa = PBXBuildFile; fileRef = 5E1DF89D1907BB8100127F56 /* CoreGraphics.framework */; };
		5E1DF8A01907BB8100127F56 /* UIKit.framework in Frameworks */ = {isa = PBXBuildFile; fileRef = 5E1DF89F1907BB8100127F56 /* UIKit.framework */; };
		5E1DF8A61907BB8100127F56 /* InfoPlist.strings in Resources */ = {isa = PBXBuildFile; fileRef = 5E1DF8A41907BB8100127F56 /* InfoPlist.strings */; };
		5E1DF8A81907BB8100127F56 /* main.m in Sources */ = {isa = PBXBuildFile; fileRef = 5E1DF8A71907BB8100127F56 /* main.m */; };
		5E1DF8AC1907BB8100127F56 /* AppDelegate.m in Sources */ = {isa = PBXBuildFile; fileRef = 5E1DF8AB1907BB8100127F56 /* AppDelegate.m */; };
		5E1DF8BB1907BB8100127F56 /* XCTest.framework in Frameworks */ = {isa = PBXBuildFile; fileRef = 5E1DF8BA1907BB8100127F56 /* XCTest.framework */; };
		5E1DF8BC1907BB8100127F56 /* Foundation.framework in Frameworks */ = {isa = PBXBuildFile; fileRef = 5E1DF89B1907BB8100127F56 /* Foundation.framework */; };
		5E1DF8BD1907BB8100127F56 /* UIKit.framework in Frameworks */ = {isa = PBXBuildFile; fileRef = 5E1DF89F1907BB8100127F56 /* UIKit.framework */; };
		5E1DF8C51907BB8100127F56 /* InfoPlist.strings in Resources */ = {isa = PBXBuildFile; fileRef = 5E1DF8C31907BB8100127F56 /* InfoPlist.strings */; };
		5E1DF8C71907BB8100127F56 /* rekolaTests.m in Sources */ = {isa = PBXBuildFile; fileRef = 5E1DF8C61907BB8100127F56 /* rekolaTests.m */; };
		5E1DF8E81907BE4700127F56 /* AFHTTPRequestOperation.m in Sources */ = {isa = PBXBuildFile; fileRef = 5E1DF8D61907BE4700127F56 /* AFHTTPRequestOperation.m */; };
		5E1DF8E91907BE4700127F56 /* AFHTTPRequestOperationManager.m in Sources */ = {isa = PBXBuildFile; fileRef = 5E1DF8D81907BE4700127F56 /* AFHTTPRequestOperationManager.m */; };
		5E1DF8EA1907BE4700127F56 /* AFHTTPSessionManager.m in Sources */ = {isa = PBXBuildFile; fileRef = 5E1DF8DA1907BE4700127F56 /* AFHTTPSessionManager.m */; };
		5E1DF8EB1907BE4700127F56 /* AFNetworkReachabilityManager.m in Sources */ = {isa = PBXBuildFile; fileRef = 5E1DF8DD1907BE4700127F56 /* AFNetworkReachabilityManager.m */; };
		5E1DF8EC1907BE4700127F56 /* AFSecurityPolicy.m in Sources */ = {isa = PBXBuildFile; fileRef = 5E1DF8DF1907BE4700127F56 /* AFSecurityPolicy.m */; };
		5E1DF8ED1907BE4700127F56 /* AFURLConnectionOperation.m in Sources */ = {isa = PBXBuildFile; fileRef = 5E1DF8E11907BE4700127F56 /* AFURLConnectionOperation.m */; };
		5E1DF8EE1907BE4700127F56 /* AFURLRequestSerialization.m in Sources */ = {isa = PBXBuildFile; fileRef = 5E1DF8E31907BE4700127F56 /* AFURLRequestSerialization.m */; };
		5E1DF8EF1907BE4700127F56 /* AFURLResponseSerialization.m in Sources */ = {isa = PBXBuildFile; fileRef = 5E1DF8E51907BE4700127F56 /* AFURLResponseSerialization.m */; };
		5E1DF8F01907BE4700127F56 /* AFURLSessionManager.m in Sources */ = {isa = PBXBuildFile; fileRef = 5E1DF8E71907BE4700127F56 /* AFURLSessionManager.m */; };
		5E1DF8FA1907BF7700127F56 /* BaseViewController.m in Sources */ = {isa = PBXBuildFile; fileRef = 5E1DF8F91907BF7700127F56 /* BaseViewController.m */; };
		5E1DF8FD1907BF9700127F56 /* BaseCell.m in Sources */ = {isa = PBXBuildFile; fileRef = 5E1DF8FC1907BF9700127F56 /* BaseCell.m */; };
		5E21A8FB191CD71A003ACE9C /* POI.m in Sources */ = {isa = PBXBuildFile; fileRef = 5E21A8FA191CD71A003ACE9C /* POI.m */; };
		5E21A8FE191D1148003ACE9C /* BaseNavigationController.m in Sources */ = {isa = PBXBuildFile; fileRef = 5E21A8FD191D1148003ACE9C /* BaseNavigationController.m */; };
		5E2CAE41191396FF00244206 /* POIDetailView.m in Sources */ = {isa = PBXBuildFile; fileRef = 5E2CAE40191396FF00244206 /* POIDetailView.m */; };
		5E2CAE441913C07800244206 /* NSNumber+RKUtils.m in Sources */ = {isa = PBXBuildFile; fileRef = 5E2CAE431913C07800244206 /* NSNumber+RKUtils.m */; };
		5E2CAE651913D0A800244206 /* tabbar_ic_return_inactive@2x.png in Resources */ = {isa = PBXBuildFile; fileRef = 5E2CAE451913D0A800244206 /* tabbar_ic_return_inactive@2x.png */; };
		5E2CAE661913D0A800244206 /* tabbar_ic_return_inactive.png in Resources */ = {isa = PBXBuildFile; fileRef = 5E2CAE461913D0A800244206 /* tabbar_ic_return_inactive.png */; };
		5E2CAE671913D0A800244206 /* tabbar_ic_return_active@2x.png in Resources */ = {isa = PBXBuildFile; fileRef = 5E2CAE471913D0A800244206 /* tabbar_ic_return_active@2x.png */; };
		5E2CAE681913D0A800244206 /* tabbar_ic_return_active.png in Resources */ = {isa = PBXBuildFile; fileRef = 5E2CAE481913D0A800244206 /* tabbar_ic_return_active.png */; };
		5E2CAE691913D0A800244206 /* tabbar_ic_profile_inactive@2x.png in Resources */ = {isa = PBXBuildFile; fileRef = 5E2CAE491913D0A800244206 /* tabbar_ic_profile_inactive@2x.png */; };
		5E2CAE6A1913D0A800244206 /* tabbar_ic_profile_inactive.png in Resources */ = {isa = PBXBuildFile; fileRef = 5E2CAE4A1913D0A800244206 /* tabbar_ic_profile_inactive.png */; };
		5E2CAE6B1913D0A800244206 /* tabbar_ic_profile_active@2x.png in Resources */ = {isa = PBXBuildFile; fileRef = 5E2CAE4B1913D0A800244206 /* tabbar_ic_profile_active@2x.png */; };
		5E2CAE6C1913D0A800244206 /* tabbar_ic_profile_active.png in Resources */ = {isa = PBXBuildFile; fileRef = 5E2CAE4C1913D0A800244206 /* tabbar_ic_profile_active.png */; };
		5E2CAE6D1913D0A800244206 /* tabbar_ic_map_inactive@2x.png in Resources */ = {isa = PBXBuildFile; fileRef = 5E2CAE4D1913D0A800244206 /* tabbar_ic_map_inactive@2x.png */; };
		5E2CAE6E1913D0A800244206 /* tabbar_ic_map_inactive.png in Resources */ = {isa = PBXBuildFile; fileRef = 5E2CAE4E1913D0A800244206 /* tabbar_ic_map_inactive.png */; };
		5E2CAE6F1913D0A800244206 /* tabbar_ic_map_active@2x.png in Resources */ = {isa = PBXBuildFile; fileRef = 5E2CAE4F1913D0A800244206 /* tabbar_ic_map_active@2x.png */; };
		5E2CAE701913D0A800244206 /* tabbar_ic_map_active.png in Resources */ = {isa = PBXBuildFile; fileRef = 5E2CAE501913D0A800244206 /* tabbar_ic_map_active.png */; };
		5E2CAE711913D0A800244206 /* tabbar_ic_borrow_inactive@2x.png in Resources */ = {isa = PBXBuildFile; fileRef = 5E2CAE511913D0A800244206 /* tabbar_ic_borrow_inactive@2x.png */; };
		5E2CAE721913D0A800244206 /* tabbar_ic_borrow_inactive.png in Resources */ = {isa = PBXBuildFile; fileRef = 5E2CAE521913D0A800244206 /* tabbar_ic_borrow_inactive.png */; };
		5E2CAE731913D0A800244206 /* tabbar_ic_borrow_active@2x.png in Resources */ = {isa = PBXBuildFile; fileRef = 5E2CAE531913D0A800244206 /* tabbar_ic_borrow_active@2x.png */; };
		5E2CAE741913D0A800244206 /* tabbar_ic_borrow_active.png in Resources */ = {isa = PBXBuildFile; fileRef = 5E2CAE541913D0A800244206 /* tabbar_ic_borrow_active.png */; };
		5E2CAE751913D0A800244206 /* navbar_ic_logo@2x.png in Resources */ = {isa = PBXBuildFile; fileRef = 5E2CAE551913D0A800244206 /* navbar_ic_logo@2x.png */; };
		5E2CAE761913D0A800244206 /* navbar_ic_logo.png in Resources */ = {isa = PBXBuildFile; fileRef = 5E2CAE561913D0A800244206 /* navbar_ic_logo.png */; };
		5E2CAE771913D0A800244206 /* navbar_ic_back@2x.png in Resources */ = {isa = PBXBuildFile; fileRef = 5E2CAE571913D0A800244206 /* navbar_ic_back@2x.png */; };
		5E2CAE781913D0A800244206 /* navbar_ic_back.png in Resources */ = {isa = PBXBuildFile; fileRef = 5E2CAE581913D0A800244206 /* navbar_ic_back.png */; };
		5E2CAE791913D0A800244206 /* navbar_ic_back_transition@2x.png in Resources */ = {isa = PBXBuildFile; fileRef = 5E2CAE591913D0A800244206 /* navbar_ic_back_transition@2x.png */; };
		5E2CAE7A1913D0A800244206 /* navbar_ic_back_transition.png in Resources */ = {isa = PBXBuildFile; fileRef = 5E2CAE5A1913D0A800244206 /* navbar_ic_back_transition.png */; };
		5E2CAE7D1913D0A800244206 /* ic_pin_normal@2x.png in Resources */ = {isa = PBXBuildFile; fileRef = 5E2CAE5D1913D0A800244206 /* ic_pin_normal@2x.png */; };
		5E2CAE7E1913D0A800244206 /* ic_pin_normal.png in Resources */ = {isa = PBXBuildFile; fileRef = 5E2CAE5E1913D0A800244206 /* ic_pin_normal.png */; };
		5E2CAE7F1913D0A800244206 /* ic_facebook@2x.png in Resources */ = {isa = PBXBuildFile; fileRef = 5E2CAE5F1913D0A800244206 /* ic_facebook@2x.png */; };
		5E2CAE801913D0A800244206 /* ic_facebook.png in Resources */ = {isa = PBXBuildFile; fileRef = 5E2CAE601913D0A800244206 /* ic_facebook.png */; };
		5E2CAE811913D0A800244206 /* ic_close@2x.png in Resources */ = {isa = PBXBuildFile; fileRef = 5E2CAE611913D0A800244206 /* ic_close@2x.png */; };
		5E2CAE821913D0A800244206 /* ic_close.png in Resources */ = {isa = PBXBuildFile; fileRef = 5E2CAE621913D0A800244206 /* ic_close.png */; };
		5E2CAE831913D0A800244206 /* ic_arrow@2x.png in Resources */ = {isa = PBXBuildFile; fileRef = 5E2CAE631913D0A800244206 /* ic_arrow@2x.png */; };
		5E2CAE841913D0A800244206 /* ic_arrow.png in Resources */ = {isa = PBXBuildFile; fileRef = 5E2CAE641913D0A800244206 /* ic_arrow.png */; };
		5E2CAEC91913E51100244206 /* QuartzCore.framework in Frameworks */ = {isa = PBXBuildFile; fileRef = 5E2CAEC81913E51100244206 /* QuartzCore.framework */; };
		5E2CAECC1913FB0E00244206 /* UIButton+RKUtils.m in Sources */ = {isa = PBXBuildFile; fileRef = 5E2CAECB1913FB0E00244206 /* UIButton+RKUtils.m */; };
		5E36BF1C193F094B00C214E6 /* ic_pin_focused_pressed.png in Resources */ = {isa = PBXBuildFile; fileRef = 5E36BF12193F094B00C214E6 /* ic_pin_focused_pressed.png */; };
		5E36BF1D193F094B00C214E6 /* ic_pin_focused_pressed@2x.png in Resources */ = {isa = PBXBuildFile; fileRef = 5E36BF13193F094B00C214E6 /* ic_pin_focused_pressed@2x.png */; };
		5E36BF1E193F094B00C214E6 /* ic_pin_noparking_normal.png in Resources */ = {isa = PBXBuildFile; fileRef = 5E36BF14193F094B00C214E6 /* ic_pin_noparking_normal.png */; };
		5E36BF1F193F094B00C214E6 /* ic_pin_noparking_normal@2x.png in Resources */ = {isa = PBXBuildFile; fileRef = 5E36BF15193F094B00C214E6 /* ic_pin_noparking_normal@2x.png */; };
		5E36BF20193F094B00C214E6 /* ic_pin_noparking_pressed.png in Resources */ = {isa = PBXBuildFile; fileRef = 5E36BF16193F094B00C214E6 /* ic_pin_noparking_pressed.png */; };
		5E36BF21193F094B00C214E6 /* ic_pin_noparking_pressed@2x.png in Resources */ = {isa = PBXBuildFile; fileRef = 5E36BF17193F094B00C214E6 /* ic_pin_noparking_pressed@2x.png */; };
		5E36BF22193F094B00C214E6 /* ic_pin_parking_normal.png in Resources */ = {isa = PBXBuildFile; fileRef = 5E36BF18193F094B00C214E6 /* ic_pin_parking_normal.png */; };
		5E36BF23193F094B00C214E6 /* ic_pin_parking_normal@2x.png in Resources */ = {isa = PBXBuildFile; fileRef = 5E36BF19193F094B00C214E6 /* ic_pin_parking_normal@2x.png */; };
		5E36BF24193F094B00C214E6 /* ic_pin_parking_pressed.png in Resources */ = {isa = PBXBuildFile; fileRef = 5E36BF1A193F094B00C214E6 /* ic_pin_parking_pressed.png */; };
		5E36BF25193F094B00C214E6 /* ic_pin_parking_pressed@2x.png in Resources */ = {isa = PBXBuildFile; fileRef = 5E36BF1B193F094B00C214E6 /* ic_pin_parking_pressed@2x.png */; };
		5E3E686A1916B816005653D4 /* UIImage+Tint.m in Sources */ = {isa = PBXBuildFile; fileRef = 5E3E68681916B816005653D4 /* UIImage+Tint.m */; };
		5E41C93A191904B800316BB5 /* SuccessViewController.m in Sources */ = {isa = PBXBuildFile; fileRef = 5E41C939191904B800316BB5 /* SuccessViewController.m */; };
		5E41C94019192F3C00316BB5 /* Localizable.strings in Resources */ = {isa = PBXBuildFile; fileRef = 5E41C93E19192F3C00316BB5 /* Localizable.strings */; };
		5E4307F01907C2A500B36CE8 /* APIManager.m in Sources */ = {isa = PBXBuildFile; fileRef = 5E4307EF1907C2A500B36CE8 /* APIManager.m */; };
		5E4308031907C2ED00B36CE8 /* AFNetworkActivityIndicatorManager.m in Sources */ = {isa = PBXBuildFile; fileRef = 5E4307F31907C2ED00B36CE8 /* AFNetworkActivityIndicatorManager.m */; };
		5E4308041907C2ED00B36CE8 /* UIActivityIndicatorView+AFNetworking.m in Sources */ = {isa = PBXBuildFile; fileRef = 5E4307F51907C2ED00B36CE8 /* UIActivityIndicatorView+AFNetworking.m */; };
		5E4308051907C2ED00B36CE8 /* UIAlertView+AFNetworking.m in Sources */ = {isa = PBXBuildFile; fileRef = 5E4307F71907C2ED00B36CE8 /* UIAlertView+AFNetworking.m */; };
		5E4308061907C2ED00B36CE8 /* UIButton+AFNetworking.m in Sources */ = {isa = PBXBuildFile; fileRef = 5E4307F91907C2ED00B36CE8 /* UIButton+AFNetworking.m */; };
		5E4308071907C2ED00B36CE8 /* UIImageView+AFNetworking.m in Sources */ = {isa = PBXBuildFile; fileRef = 5E4307FB1907C2ED00B36CE8 /* UIImageView+AFNetworking.m */; };
		5E4308081907C2ED00B36CE8 /* UIProgressView+AFNetworking.m in Sources */ = {isa = PBXBuildFile; fileRef = 5E4307FE1907C2ED00B36CE8 /* UIProgressView+AFNetworking.m */; };
		5E4308091907C2ED00B36CE8 /* UIRefreshControl+AFNetworking.m in Sources */ = {isa = PBXBuildFile; fileRef = 5E4308001907C2ED00B36CE8 /* UIRefreshControl+AFNetworking.m */; };
		5E43080A1907C2ED00B36CE8 /* UIWebView+AFNetworking.m in Sources */ = {isa = PBXBuildFile; fileRef = 5E4308021907C2ED00B36CE8 /* UIWebView+AFNetworking.m */; };
		5E43080D1907C62C00B36CE8 /* UIAlertView+CompletionBlock.m in Sources */ = {isa = PBXBuildFile; fileRef = 5E43080C1907C62C00B36CE8 /* UIAlertView+CompletionBlock.m */; };
		5E4308101907C6C600B36CE8 /* ContentManager.m in Sources */ = {isa = PBXBuildFile; fileRef = 5E43080F1907C6C600B36CE8 /* ContentManager.m */; };
		5E6EA54219139210001FC7AD /* Images.xcassets in Resources */ = {isa = PBXBuildFile; fileRef = 5E1DF8B31907BB8100127F56 /* Images.xcassets */; };
		5E6EA5431913921A001FC7AD /* Main.storyboard in Resources */ = {isa = PBXBuildFile; fileRef = 5E1DF8AD1907BB8100127F56 /* Main.storyboard */; };
		5E86CEF119090034001C1382 /* SettingsCell.m in Sources */ = {isa = PBXBuildFile; fileRef = 5E86CEEF19090034001C1382 /* SettingsCell.m */; };
		5E86CF00190936FB001C1382 /* ReturnBikeViewController.m in Sources */ = {isa = PBXBuildFile; fileRef = 5E86CEFF190936FB001C1382 /* ReturnBikeViewController.m */; };
		5E86CF20190A5BF2001C1382 /* RKAnnotation.m in Sources */ = {isa = PBXBuildFile; fileRef = 5E86CF1F190A5BF2001C1382 /* RKAnnotation.m */; };
		5E86CF23190A5C06001C1382 /* RKMapView.m in Sources */ = {isa = PBXBuildFile; fileRef = 5E86CF22190A5C06001C1382 /* RKMapView.m */; };
		5EAAC04A1917C610007B6D0A /* walk-highlight@2x.png in Resources */ = {isa = PBXBuildFile; fileRef = 5EAAC0481917C610007B6D0A /* walk-highlight@2x.png */; };
		5EAAC04B1917C610007B6D0A /* walk-highlight.png in Resources */ = {isa = PBXBuildFile; fileRef = 5EAAC0491917C610007B6D0A /* walk-highlight.png */; };
		5ED5534E190E7CCF00A03DA6 /* BikeDetailViewController.m in Sources */ = {isa = PBXBuildFile; fileRef = 5ED5534D190E7CCF00A03DA6 /* BikeDetailViewController.m */; };
		5ED55351190E8FFD00A03DA6 /* NSError+LocalizedMessage.m in Sources */ = {isa = PBXBuildFile; fileRef = 5ED55350190E8FFD00A03DA6 /* NSError+LocalizedMessage.m */; };
		5ED55354190ECB8B00A03DA6 /* LocateViewController.m in Sources */ = {isa = PBXBuildFile; fileRef = 5ED55353190ECB8B00A03DA6 /* LocateViewController.m */; };
		5EDE21E61907DC3F0017D36E /* LoginViewController.m in Sources */ = {isa = PBXBuildFile; fileRef = 5EDE21E51907DC3F0017D36E /* LoginViewController.m */; };
		5EDE21F21907E8840017D36E /* MapViewController.m in Sources */ = {isa = PBXBuildFile; fileRef = 5EDE21F11907E8840017D36E /* MapViewController.m */; };
		5EDE21F41907F6520017D36E /* MapKit.framework in Frameworks */ = {isa = PBXBuildFile; fileRef = 5EDE21F31907F6520017D36E /* MapKit.framework */; };
		5EDE21F71907F96E0017D36E /* JSONObject.m in Sources */ = {isa = PBXBuildFile; fileRef = 5EDE21F51907F96E0017D36E /* JSONObject.m */; };
		5EDE21FA1907FCBA0017D36E /* Bike.m in Sources */ = {isa = PBXBuildFile; fileRef = 5EDE21F91907FCBA0017D36E /* Bike.m */; };
		5EDE21FD1907FD380017D36E /* RKLocation.m in Sources */ = {isa = PBXBuildFile; fileRef = 5EDE21FC1907FD380017D36E /* RKLocation.m */; };
		5EDE21FF1907FDBE0017D36E /* CoreLocation.framework in Frameworks */ = {isa = PBXBuildFile; fileRef = 5EDE21FE1907FDBE0017D36E /* CoreLocation.framework */; };
		5EDE2213190819C60017D36E /* ProfileViewController.m in Sources */ = {isa = PBXBuildFile; fileRef = 5EDE2212190819C60017D36E /* ProfileViewController.m */; };
		5EDE2216190819D70017D36E /* BikeViewController.m in Sources */ = {isa = PBXBuildFile; fileRef = 5EDE2215190819D70017D36E /* BikeViewController.m */; };
		5EDEBF67193DD1A6006846BA /* ic_pin_ic_grave@2x.png in Resources */ = {isa = PBXBuildFile; fileRef = 5EDEBF61193DD1A6006846BA /* ic_pin_ic_grave@2x.png */; };
		5EDEBF68193DD1A6006846BA /* ic_pin_ic_grave.png in Resources */ = {isa = PBXBuildFile; fileRef = 5EDEBF62193DD1A6006846BA /* ic_pin_ic_grave.png */; };
/* End PBXBuildFile section */

/* Begin PBXContainerItemProxy section */
		5E1DF8BE1907BB8100127F56 /* PBXContainerItemProxy */ = {
			isa = PBXContainerItemProxy;
			containerPortal = 5E1DF8901907BB8100127F56 /* Project object */;
			proxyType = 1;
			remoteGlobalIDString = 5E1DF8971907BB8100127F56;
			remoteInfo = rekola;
		};
/* End PBXContainerItemProxy section */

/* Begin PBXFileReference section */
		5E074170190FCFD600688477 /* TabBarController.h */ = {isa = PBXFileReference; fileEncoding = 4; lastKnownFileType = sourcecode.c.h; name = TabBarController.h; path = rekola/TabBarController.h; sourceTree = "<group>"; };
		5E074171190FCFD600688477 /* TabBarController.m */ = {isa = PBXFileReference; fileEncoding = 4; lastKnownFileType = sourcecode.c.objc; name = TabBarController.m; path = rekola/TabBarController.m; sourceTree = "<group>"; };
		5E074173190FD1E900688477 /* UIColor+RKColor.h */ = {isa = PBXFileReference; fileEncoding = 4; lastKnownFileType = sourcecode.c.h; name = "UIColor+RKColor.h"; path = "rekola/UIColor+RKColor.h"; sourceTree = "<group>"; };
		5E074174190FD1E900688477 /* UIColor+RKColor.m */ = {isa = PBXFileReference; fileEncoding = 4; lastKnownFileType = sourcecode.c.objc; name = "UIColor+RKColor.m"; path = "rekola/UIColor+RKColor.m"; sourceTree = "<group>"; };
		5E086CAE194CA628000389C3 /* prague_center.gpx */ = {isa = PBXFileReference; fileEncoding = 4; lastKnownFileType = text.xml; path = prague_center.gpx; sourceTree = "<group>"; };
		5E1DF8981907BB8100127F56 /* rekola.app */ = {isa = PBXFileReference; explicitFileType = wrapper.application; includeInIndex = 0; path = rekola.app; sourceTree = BUILT_PRODUCTS_DIR; };
		5E1DF89B1907BB8100127F56 /* Foundation.framework */ = {isa = PBXFileReference; lastKnownFileType = wrapper.framework; name = Foundation.framework; path = System/Library/Frameworks/Foundation.framework; sourceTree = SDKROOT; };
		5E1DF89D1907BB8100127F56 /* CoreGraphics.framework */ = {isa = PBXFileReference; lastKnownFileType = wrapper.framework; name = CoreGraphics.framework; path = System/Library/Frameworks/CoreGraphics.framework; sourceTree = SDKROOT; };
		5E1DF89F1907BB8100127F56 /* UIKit.framework */ = {isa = PBXFileReference; lastKnownFileType = wrapper.framework; name = UIKit.framework; path = System/Library/Frameworks/UIKit.framework; sourceTree = SDKROOT; };
		5E1DF8A31907BB8100127F56 /* rekola-Info.plist */ = {isa = PBXFileReference; lastKnownFileType = text.plist.xml; path = "rekola-Info.plist"; sourceTree = "<group>"; };
		5E1DF8A51907BB8100127F56 /* en */ = {isa = PBXFileReference; lastKnownFileType = text.plist.strings; name = en; path = en.lproj/InfoPlist.strings; sourceTree = "<group>"; };
		5E1DF8A71907BB8100127F56 /* main.m */ = {isa = PBXFileReference; lastKnownFileType = sourcecode.c.objc; path = main.m; sourceTree = "<group>"; };
		5E1DF8A91907BB8100127F56 /* rekola-Prefix.pch */ = {isa = PBXFileReference; lastKnownFileType = sourcecode.c.h; path = "rekola-Prefix.pch"; sourceTree = "<group>"; };
		5E1DF8AA1907BB8100127F56 /* AppDelegate.h */ = {isa = PBXFileReference; lastKnownFileType = sourcecode.c.h; path = AppDelegate.h; sourceTree = "<group>"; };
		5E1DF8AB1907BB8100127F56 /* AppDelegate.m */ = {isa = PBXFileReference; lastKnownFileType = sourcecode.c.objc; path = AppDelegate.m; sourceTree = "<group>"; };
		5E1DF8AE1907BB8100127F56 /* Base */ = {isa = PBXFileReference; lastKnownFileType = file.storyboard; name = Base; path = Base.lproj/Main.storyboard; sourceTree = "<group>"; };
		5E1DF8B31907BB8100127F56 /* Images.xcassets */ = {isa = PBXFileReference; lastKnownFileType = folder.assetcatalog; path = Images.xcassets; sourceTree = "<group>"; };
		5E1DF8B91907BB8100127F56 /* rekolaTests.xctest */ = {isa = PBXFileReference; explicitFileType = wrapper.cfbundle; includeInIndex = 0; path = rekolaTests.xctest; sourceTree = BUILT_PRODUCTS_DIR; };
		5E1DF8BA1907BB8100127F56 /* XCTest.framework */ = {isa = PBXFileReference; lastKnownFileType = wrapper.framework; name = XCTest.framework; path = Library/Frameworks/XCTest.framework; sourceTree = DEVELOPER_DIR; };
		5E1DF8C21907BB8100127F56 /* rekolaTests-Info.plist */ = {isa = PBXFileReference; lastKnownFileType = text.plist.xml; path = "rekolaTests-Info.plist"; sourceTree = "<group>"; };
		5E1DF8C41907BB8100127F56 /* en */ = {isa = PBXFileReference; lastKnownFileType = text.plist.strings; name = en; path = en.lproj/InfoPlist.strings; sourceTree = "<group>"; };
		5E1DF8C61907BB8100127F56 /* rekolaTests.m */ = {isa = PBXFileReference; lastKnownFileType = sourcecode.c.objc; path = rekolaTests.m; sourceTree = "<group>"; };
		5E1DF8D51907BE4700127F56 /* AFHTTPRequestOperation.h */ = {isa = PBXFileReference; fileEncoding = 4; lastKnownFileType = sourcecode.c.h; path = AFHTTPRequestOperation.h; sourceTree = "<group>"; };
		5E1DF8D61907BE4700127F56 /* AFHTTPRequestOperation.m */ = {isa = PBXFileReference; fileEncoding = 4; lastKnownFileType = sourcecode.c.objc; path = AFHTTPRequestOperation.m; sourceTree = "<group>"; };
		5E1DF8D71907BE4700127F56 /* AFHTTPRequestOperationManager.h */ = {isa = PBXFileReference; fileEncoding = 4; lastKnownFileType = sourcecode.c.h; path = AFHTTPRequestOperationManager.h; sourceTree = "<group>"; };
		5E1DF8D81907BE4700127F56 /* AFHTTPRequestOperationManager.m */ = {isa = PBXFileReference; fileEncoding = 4; lastKnownFileType = sourcecode.c.objc; path = AFHTTPRequestOperationManager.m; sourceTree = "<group>"; };
		5E1DF8D91907BE4700127F56 /* AFHTTPSessionManager.h */ = {isa = PBXFileReference; fileEncoding = 4; lastKnownFileType = sourcecode.c.h; path = AFHTTPSessionManager.h; sourceTree = "<group>"; };
		5E1DF8DA1907BE4700127F56 /* AFHTTPSessionManager.m */ = {isa = PBXFileReference; fileEncoding = 4; lastKnownFileType = sourcecode.c.objc; path = AFHTTPSessionManager.m; sourceTree = "<group>"; };
		5E1DF8DB1907BE4700127F56 /* AFNetworking.h */ = {isa = PBXFileReference; fileEncoding = 4; lastKnownFileType = sourcecode.c.h; path = AFNetworking.h; sourceTree = "<group>"; };
		5E1DF8DC1907BE4700127F56 /* AFNetworkReachabilityManager.h */ = {isa = PBXFileReference; fileEncoding = 4; lastKnownFileType = sourcecode.c.h; path = AFNetworkReachabilityManager.h; sourceTree = "<group>"; };
		5E1DF8DD1907BE4700127F56 /* AFNetworkReachabilityManager.m */ = {isa = PBXFileReference; fileEncoding = 4; lastKnownFileType = sourcecode.c.objc; path = AFNetworkReachabilityManager.m; sourceTree = "<group>"; };
		5E1DF8DE1907BE4700127F56 /* AFSecurityPolicy.h */ = {isa = PBXFileReference; fileEncoding = 4; lastKnownFileType = sourcecode.c.h; path = AFSecurityPolicy.h; sourceTree = "<group>"; };
		5E1DF8DF1907BE4700127F56 /* AFSecurityPolicy.m */ = {isa = PBXFileReference; fileEncoding = 4; lastKnownFileType = sourcecode.c.objc; path = AFSecurityPolicy.m; sourceTree = "<group>"; };
		5E1DF8E01907BE4700127F56 /* AFURLConnectionOperation.h */ = {isa = PBXFileReference; fileEncoding = 4; lastKnownFileType = sourcecode.c.h; path = AFURLConnectionOperation.h; sourceTree = "<group>"; };
		5E1DF8E11907BE4700127F56 /* AFURLConnectionOperation.m */ = {isa = PBXFileReference; fileEncoding = 4; lastKnownFileType = sourcecode.c.objc; path = AFURLConnectionOperation.m; sourceTree = "<group>"; };
		5E1DF8E21907BE4700127F56 /* AFURLRequestSerialization.h */ = {isa = PBXFileReference; fileEncoding = 4; lastKnownFileType = sourcecode.c.h; path = AFURLRequestSerialization.h; sourceTree = "<group>"; };
		5E1DF8E31907BE4700127F56 /* AFURLRequestSerialization.m */ = {isa = PBXFileReference; fileEncoding = 4; lastKnownFileType = sourcecode.c.objc; path = AFURLRequestSerialization.m; sourceTree = "<group>"; };
		5E1DF8E41907BE4700127F56 /* AFURLResponseSerialization.h */ = {isa = PBXFileReference; fileEncoding = 4; lastKnownFileType = sourcecode.c.h; path = AFURLResponseSerialization.h; sourceTree = "<group>"; };
		5E1DF8E51907BE4700127F56 /* AFURLResponseSerialization.m */ = {isa = PBXFileReference; fileEncoding = 4; lastKnownFileType = sourcecode.c.objc; path = AFURLResponseSerialization.m; sourceTree = "<group>"; };
		5E1DF8E61907BE4700127F56 /* AFURLSessionManager.h */ = {isa = PBXFileReference; fileEncoding = 4; lastKnownFileType = sourcecode.c.h; path = AFURLSessionManager.h; sourceTree = "<group>"; };
		5E1DF8E71907BE4700127F56 /* AFURLSessionManager.m */ = {isa = PBXFileReference; fileEncoding = 4; lastKnownFileType = sourcecode.c.objc; path = AFURLSessionManager.m; sourceTree = "<group>"; };
		5E1DF8F81907BF7700127F56 /* BaseViewController.h */ = {isa = PBXFileReference; fileEncoding = 4; lastKnownFileType = sourcecode.c.h; name = BaseViewController.h; path = rekola/BaseViewController.h; sourceTree = "<group>"; };
		5E1DF8F91907BF7700127F56 /* BaseViewController.m */ = {isa = PBXFileReference; fileEncoding = 4; lastKnownFileType = sourcecode.c.objc; name = BaseViewController.m; path = rekola/BaseViewController.m; sourceTree = "<group>"; };
		5E1DF8FB1907BF9700127F56 /* BaseCell.h */ = {isa = PBXFileReference; fileEncoding = 4; lastKnownFileType = sourcecode.c.h; name = BaseCell.h; path = rekola/BaseCell.h; sourceTree = "<group>"; };
		5E1DF8FC1907BF9700127F56 /* BaseCell.m */ = {isa = PBXFileReference; fileEncoding = 4; lastKnownFileType = sourcecode.c.objc; name = BaseCell.m; path = rekola/BaseCell.m; sourceTree = "<group>"; };
		5E21A8F9191CD71A003ACE9C /* POI.h */ = {isa = PBXFileReference; fileEncoding = 4; lastKnownFileType = sourcecode.c.h; name = POI.h; path = rekola/POI.h; sourceTree = "<group>"; };
		5E21A8FA191CD71A003ACE9C /* POI.m */ = {isa = PBXFileReference; fileEncoding = 4; lastKnownFileType = sourcecode.c.objc; name = POI.m; path = rekola/POI.m; sourceTree = "<group>"; };
		5E21A8FC191D1148003ACE9C /* BaseNavigationController.h */ = {isa = PBXFileReference; fileEncoding = 4; lastKnownFileType = sourcecode.c.h; name = BaseNavigationController.h; path = rekola/BaseNavigationController.h; sourceTree = "<group>"; };
		5E21A8FD191D1148003ACE9C /* BaseNavigationController.m */ = {isa = PBXFileReference; fileEncoding = 4; lastKnownFileType = sourcecode.c.objc; name = BaseNavigationController.m; path = rekola/BaseNavigationController.m; sourceTree = "<group>"; };
		5E21A90A191D2326003ACE9C /* cs */ = {isa = PBXFileReference; lastKnownFileType = text.plist.strings; name = cs; path = cs.lproj/Localizable.strings; sourceTree = "<group>"; };
		5E2CAE3F191396FF00244206 /* POIDetailView.h */ = {isa = PBXFileReference; fileEncoding = 4; lastKnownFileType = sourcecode.c.h; name = POIDetailView.h; path = rekola/POIDetailView.h; sourceTree = "<group>"; };
		5E2CAE40191396FF00244206 /* POIDetailView.m */ = {isa = PBXFileReference; fileEncoding = 4; lastKnownFileType = sourcecode.c.objc; name = POIDetailView.m; path = rekola/POIDetailView.m; sourceTree = "<group>"; };
		5E2CAE421913C07800244206 /* NSNumber+RKUtils.h */ = {isa = PBXFileReference; fileEncoding = 4; lastKnownFileType = sourcecode.c.h; name = "NSNumber+RKUtils.h"; path = "rekola/NSNumber+RKUtils.h"; sourceTree = "<group>"; };
		5E2CAE431913C07800244206 /* NSNumber+RKUtils.m */ = {isa = PBXFileReference; fileEncoding = 4; lastKnownFileType = sourcecode.c.objc; name = "NSNumber+RKUtils.m"; path = "rekola/NSNumber+RKUtils.m"; sourceTree = "<group>"; };
		5E2CAE451913D0A800244206 /* tabbar_ic_return_inactive@2x.png */ = {isa = PBXFileReference; lastKnownFileType = image.png; path = "tabbar_ic_return_inactive@2x.png"; sourceTree = "<group>"; };
		5E2CAE461913D0A800244206 /* tabbar_ic_return_inactive.png */ = {isa = PBXFileReference; lastKnownFileType = image.png; path = tabbar_ic_return_inactive.png; sourceTree = "<group>"; };
		5E2CAE471913D0A800244206 /* tabbar_ic_return_active@2x.png */ = {isa = PBXFileReference; lastKnownFileType = image.png; path = "tabbar_ic_return_active@2x.png"; sourceTree = "<group>"; };
		5E2CAE481913D0A800244206 /* tabbar_ic_return_active.png */ = {isa = PBXFileReference; lastKnownFileType = image.png; path = tabbar_ic_return_active.png; sourceTree = "<group>"; };
		5E2CAE491913D0A800244206 /* tabbar_ic_profile_inactive@2x.png */ = {isa = PBXFileReference; lastKnownFileType = image.png; path = "tabbar_ic_profile_inactive@2x.png"; sourceTree = "<group>"; };
		5E2CAE4A1913D0A800244206 /* tabbar_ic_profile_inactive.png */ = {isa = PBXFileReference; lastKnownFileType = image.png; path = tabbar_ic_profile_inactive.png; sourceTree = "<group>"; };
		5E2CAE4B1913D0A800244206 /* tabbar_ic_profile_active@2x.png */ = {isa = PBXFileReference; lastKnownFileType = image.png; path = "tabbar_ic_profile_active@2x.png"; sourceTree = "<group>"; };
		5E2CAE4C1913D0A800244206 /* tabbar_ic_profile_active.png */ = {isa = PBXFileReference; lastKnownFileType = image.png; path = tabbar_ic_profile_active.png; sourceTree = "<group>"; };
		5E2CAE4D1913D0A800244206 /* tabbar_ic_map_inactive@2x.png */ = {isa = PBXFileReference; lastKnownFileType = image.png; path = "tabbar_ic_map_inactive@2x.png"; sourceTree = "<group>"; };
		5E2CAE4E1913D0A800244206 /* tabbar_ic_map_inactive.png */ = {isa = PBXFileReference; lastKnownFileType = image.png; path = tabbar_ic_map_inactive.png; sourceTree = "<group>"; };
		5E2CAE4F1913D0A800244206 /* tabbar_ic_map_active@2x.png */ = {isa = PBXFileReference; lastKnownFileType = image.png; path = "tabbar_ic_map_active@2x.png"; sourceTree = "<group>"; };
		5E2CAE501913D0A800244206 /* tabbar_ic_map_active.png */ = {isa = PBXFileReference; lastKnownFileType = image.png; path = tabbar_ic_map_active.png; sourceTree = "<group>"; };
		5E2CAE511913D0A800244206 /* tabbar_ic_borrow_inactive@2x.png */ = {isa = PBXFileReference; lastKnownFileType = image.png; path = "tabbar_ic_borrow_inactive@2x.png"; sourceTree = "<group>"; };
		5E2CAE521913D0A800244206 /* tabbar_ic_borrow_inactive.png */ = {isa = PBXFileReference; lastKnownFileType = image.png; path = tabbar_ic_borrow_inactive.png; sourceTree = "<group>"; };
		5E2CAE531913D0A800244206 /* tabbar_ic_borrow_active@2x.png */ = {isa = PBXFileReference; lastKnownFileType = image.png; path = "tabbar_ic_borrow_active@2x.png"; sourceTree = "<group>"; };
		5E2CAE541913D0A800244206 /* tabbar_ic_borrow_active.png */ = {isa = PBXFileReference; lastKnownFileType = image.png; path = tabbar_ic_borrow_active.png; sourceTree = "<group>"; };
		5E2CAE551913D0A800244206 /* navbar_ic_logo@2x.png */ = {isa = PBXFileReference; lastKnownFileType = image.png; path = "navbar_ic_logo@2x.png"; sourceTree = "<group>"; };
		5E2CAE561913D0A800244206 /* navbar_ic_logo.png */ = {isa = PBXFileReference; lastKnownFileType = image.png; path = navbar_ic_logo.png; sourceTree = "<group>"; };
		5E2CAE571913D0A800244206 /* navbar_ic_back@2x.png */ = {isa = PBXFileReference; lastKnownFileType = image.png; path = "navbar_ic_back@2x.png"; sourceTree = "<group>"; };
		5E2CAE581913D0A800244206 /* navbar_ic_back.png */ = {isa = PBXFileReference; lastKnownFileType = image.png; path = navbar_ic_back.png; sourceTree = "<group>"; };
		5E2CAE591913D0A800244206 /* navbar_ic_back_transition@2x.png */ = {isa = PBXFileReference; lastKnownFileType = image.png; path = "navbar_ic_back_transition@2x.png"; sourceTree = "<group>"; };
		5E2CAE5A1913D0A800244206 /* navbar_ic_back_transition.png */ = {isa = PBXFileReference; lastKnownFileType = image.png; path = navbar_ic_back_transition.png; sourceTree = "<group>"; };
		5E2CAE5D1913D0A800244206 /* ic_pin_normal@2x.png */ = {isa = PBXFileReference; lastKnownFileType = image.png; path = "ic_pin_normal@2x.png"; sourceTree = "<group>"; };
		5E2CAE5E1913D0A800244206 /* ic_pin_normal.png */ = {isa = PBXFileReference; lastKnownFileType = image.png; path = ic_pin_normal.png; sourceTree = "<group>"; };
		5E2CAE5F1913D0A800244206 /* ic_facebook@2x.png */ = {isa = PBXFileReference; lastKnownFileType = image.png; path = "ic_facebook@2x.png"; sourceTree = "<group>"; };
		5E2CAE601913D0A800244206 /* ic_facebook.png */ = {isa = PBXFileReference; lastKnownFileType = image.png; path = ic_facebook.png; sourceTree = "<group>"; };
		5E2CAE611913D0A800244206 /* ic_close@2x.png */ = {isa = PBXFileReference; lastKnownFileType = image.png; path = "ic_close@2x.png"; sourceTree = "<group>"; };
		5E2CAE621913D0A800244206 /* ic_close.png */ = {isa = PBXFileReference; lastKnownFileType = image.png; path = ic_close.png; sourceTree = "<group>"; };
		5E2CAE631913D0A800244206 /* ic_arrow@2x.png */ = {isa = PBXFileReference; lastKnownFileType = image.png; path = "ic_arrow@2x.png"; sourceTree = "<group>"; };
		5E2CAE641913D0A800244206 /* ic_arrow.png */ = {isa = PBXFileReference; lastKnownFileType = image.png; path = ic_arrow.png; sourceTree = "<group>"; };
		5E2CAEC81913E51100244206 /* QuartzCore.framework */ = {isa = PBXFileReference; lastKnownFileType = wrapper.framework; name = QuartzCore.framework; path = Platforms/iPhoneOS.platform/Developer/SDKs/iPhoneOS7.0.sdk/System/Library/Frameworks/QuartzCore.framework; sourceTree = DEVELOPER_DIR; };
		5E2CAECA1913FB0E00244206 /* UIButton+RKUtils.h */ = {isa = PBXFileReference; fileEncoding = 4; lastKnownFileType = sourcecode.c.h; name = "UIButton+RKUtils.h"; path = "rekola/UIButton+RKUtils.h"; sourceTree = "<group>"; };
		5E2CAECB1913FB0E00244206 /* UIButton+RKUtils.m */ = {isa = PBXFileReference; fileEncoding = 4; lastKnownFileType = sourcecode.c.objc; name = "UIButton+RKUtils.m"; path = "rekola/UIButton+RKUtils.m"; sourceTree = "<group>"; };
		5E36BF12193F094B00C214E6 /* ic_pin_focused_pressed.png */ = {isa = PBXFileReference; lastKnownFileType = image.png; path = ic_pin_focused_pressed.png; sourceTree = "<group>"; };
		5E36BF13193F094B00C214E6 /* ic_pin_focused_pressed@2x.png */ = {isa = PBXFileReference; lastKnownFileType = image.png; path = "ic_pin_focused_pressed@2x.png"; sourceTree = "<group>"; };
		5E36BF14193F094B00C214E6 /* ic_pin_noparking_normal.png */ = {isa = PBXFileReference; lastKnownFileType = image.png; path = ic_pin_noparking_normal.png; sourceTree = "<group>"; };
		5E36BF15193F094B00C214E6 /* ic_pin_noparking_normal@2x.png */ = {isa = PBXFileReference; lastKnownFileType = image.png; path = "ic_pin_noparking_normal@2x.png"; sourceTree = "<group>"; };
		5E36BF16193F094B00C214E6 /* ic_pin_noparking_pressed.png */ = {isa = PBXFileReference; lastKnownFileType = image.png; path = ic_pin_noparking_pressed.png; sourceTree = "<group>"; };
		5E36BF17193F094B00C214E6 /* ic_pin_noparking_pressed@2x.png */ = {isa = PBXFileReference; lastKnownFileType = image.png; path = "ic_pin_noparking_pressed@2x.png"; sourceTree = "<group>"; };
		5E36BF18193F094B00C214E6 /* ic_pin_parking_normal.png */ = {isa = PBXFileReference; lastKnownFileType = image.png; path = ic_pin_parking_normal.png; sourceTree = "<group>"; };
		5E36BF19193F094B00C214E6 /* ic_pin_parking_normal@2x.png */ = {isa = PBXFileReference; lastKnownFileType = image.png; path = "ic_pin_parking_normal@2x.png"; sourceTree = "<group>"; };
		5E36BF1A193F094B00C214E6 /* ic_pin_parking_pressed.png */ = {isa = PBXFileReference; lastKnownFileType = image.png; path = ic_pin_parking_pressed.png; sourceTree = "<group>"; };
		5E36BF1B193F094B00C214E6 /* ic_pin_parking_pressed@2x.png */ = {isa = PBXFileReference; lastKnownFileType = image.png; path = "ic_pin_parking_pressed@2x.png"; sourceTree = "<group>"; };
		5E3E68681916B816005653D4 /* UIImage+Tint.m */ = {isa = PBXFileReference; fileEncoding = 4; lastKnownFileType = sourcecode.c.objc; name = "UIImage+Tint.m"; path = "rekola/UIImage+Tint.m"; sourceTree = "<group>"; };
		5E3E68691916B816005653D4 /* UIImage+Tint.h */ = {isa = PBXFileReference; fileEncoding = 4; lastKnownFileType = sourcecode.c.h; name = "UIImage+Tint.h"; path = "rekola/UIImage+Tint.h"; sourceTree = "<group>"; };
		5E41C938191904B800316BB5 /* SuccessViewController.h */ = {isa = PBXFileReference; fileEncoding = 4; lastKnownFileType = sourcecode.c.h; name = SuccessViewController.h; path = rekola/SuccessViewController.h; sourceTree = "<group>"; };
		5E41C939191904B800316BB5 /* SuccessViewController.m */ = {isa = PBXFileReference; fileEncoding = 4; lastKnownFileType = sourcecode.c.objc; name = SuccessViewController.m; path = rekola/SuccessViewController.m; sourceTree = "<group>"; };
		5E41C93F19192F3C00316BB5 /* en */ = {isa = PBXFileReference; lastKnownFileType = text.plist.strings; name = en; path = en.lproj/Localizable.strings; sourceTree = "<group>"; };
		5E4307EE1907C2A500B36CE8 /* APIManager.h */ = {isa = PBXFileReference; fileEncoding = 4; lastKnownFileType = sourcecode.c.h; name = APIManager.h; path = rekola/APIManager.h; sourceTree = "<group>"; };
		5E4307EF1907C2A500B36CE8 /* APIManager.m */ = {isa = PBXFileReference; fileEncoding = 4; lastKnownFileType = sourcecode.c.objc; name = APIManager.m; path = rekola/APIManager.m; sourceTree = "<group>"; };
		5E4307F21907C2ED00B36CE8 /* AFNetworkActivityIndicatorManager.h */ = {isa = PBXFileReference; fileEncoding = 4; lastKnownFileType = sourcecode.c.h; path = AFNetworkActivityIndicatorManager.h; sourceTree = "<group>"; };
		5E4307F31907C2ED00B36CE8 /* AFNetworkActivityIndicatorManager.m */ = {isa = PBXFileReference; fileEncoding = 4; lastKnownFileType = sourcecode.c.objc; path = AFNetworkActivityIndicatorManager.m; sourceTree = "<group>"; };
		5E4307F41907C2ED00B36CE8 /* UIActivityIndicatorView+AFNetworking.h */ = {isa = PBXFileReference; fileEncoding = 4; lastKnownFileType = sourcecode.c.h; path = "UIActivityIndicatorView+AFNetworking.h"; sourceTree = "<group>"; };
		5E4307F51907C2ED00B36CE8 /* UIActivityIndicatorView+AFNetworking.m */ = {isa = PBXFileReference; fileEncoding = 4; lastKnownFileType = sourcecode.c.objc; path = "UIActivityIndicatorView+AFNetworking.m"; sourceTree = "<group>"; };
		5E4307F61907C2ED00B36CE8 /* UIAlertView+AFNetworking.h */ = {isa = PBXFileReference; fileEncoding = 4; lastKnownFileType = sourcecode.c.h; path = "UIAlertView+AFNetworking.h"; sourceTree = "<group>"; };
		5E4307F71907C2ED00B36CE8 /* UIAlertView+AFNetworking.m */ = {isa = PBXFileReference; fileEncoding = 4; lastKnownFileType = sourcecode.c.objc; path = "UIAlertView+AFNetworking.m"; sourceTree = "<group>"; };
		5E4307F81907C2ED00B36CE8 /* UIButton+AFNetworking.h */ = {isa = PBXFileReference; fileEncoding = 4; lastKnownFileType = sourcecode.c.h; path = "UIButton+AFNetworking.h"; sourceTree = "<group>"; };
		5E4307F91907C2ED00B36CE8 /* UIButton+AFNetworking.m */ = {isa = PBXFileReference; fileEncoding = 4; lastKnownFileType = sourcecode.c.objc; path = "UIButton+AFNetworking.m"; sourceTree = "<group>"; };
		5E4307FA1907C2ED00B36CE8 /* UIImageView+AFNetworking.h */ = {isa = PBXFileReference; fileEncoding = 4; lastKnownFileType = sourcecode.c.h; path = "UIImageView+AFNetworking.h"; sourceTree = "<group>"; };
		5E4307FB1907C2ED00B36CE8 /* UIImageView+AFNetworking.m */ = {isa = PBXFileReference; fileEncoding = 4; lastKnownFileType = sourcecode.c.objc; path = "UIImageView+AFNetworking.m"; sourceTree = "<group>"; };
		5E4307FC1907C2ED00B36CE8 /* UIKit+AFNetworking.h */ = {isa = PBXFileReference; fileEncoding = 4; lastKnownFileType = sourcecode.c.h; path = "UIKit+AFNetworking.h"; sourceTree = "<group>"; };
		5E4307FD1907C2ED00B36CE8 /* UIProgressView+AFNetworking.h */ = {isa = PBXFileReference; fileEncoding = 4; lastKnownFileType = sourcecode.c.h; path = "UIProgressView+AFNetworking.h"; sourceTree = "<group>"; };
		5E4307FE1907C2ED00B36CE8 /* UIProgressView+AFNetworking.m */ = {isa = PBXFileReference; fileEncoding = 4; lastKnownFileType = sourcecode.c.objc; path = "UIProgressView+AFNetworking.m"; sourceTree = "<group>"; };
		5E4307FF1907C2ED00B36CE8 /* UIRefreshControl+AFNetworking.h */ = {isa = PBXFileReference; fileEncoding = 4; lastKnownFileType = sourcecode.c.h; path = "UIRefreshControl+AFNetworking.h"; sourceTree = "<group>"; };
		5E4308001907C2ED00B36CE8 /* UIRefreshControl+AFNetworking.m */ = {isa = PBXFileReference; fileEncoding = 4; lastKnownFileType = sourcecode.c.objc; path = "UIRefreshControl+AFNetworking.m"; sourceTree = "<group>"; };
		5E4308011907C2ED00B36CE8 /* UIWebView+AFNetworking.h */ = {isa = PBXFileReference; fileEncoding = 4; lastKnownFileType = sourcecode.c.h; path = "UIWebView+AFNetworking.h"; sourceTree = "<group>"; };
		5E4308021907C2ED00B36CE8 /* UIWebView+AFNetworking.m */ = {isa = PBXFileReference; fileEncoding = 4; lastKnownFileType = sourcecode.c.objc; path = "UIWebView+AFNetworking.m"; sourceTree = "<group>"; };
		5E43080B1907C62C00B36CE8 /* UIAlertView+CompletionBlock.h */ = {isa = PBXFileReference; fileEncoding = 4; lastKnownFileType = sourcecode.c.h; name = "UIAlertView+CompletionBlock.h"; path = "rekola/UIAlertView+CompletionBlock.h"; sourceTree = "<group>"; };
		5E43080C1907C62C00B36CE8 /* UIAlertView+CompletionBlock.m */ = {isa = PBXFileReference; fileEncoding = 4; lastKnownFileType = sourcecode.c.objc; name = "UIAlertView+CompletionBlock.m"; path = "rekola/UIAlertView+CompletionBlock.m"; sourceTree = "<group>"; };
		5E43080E1907C6C600B36CE8 /* ContentManager.h */ = {isa = PBXFileReference; fileEncoding = 4; lastKnownFileType = sourcecode.c.h; name = ContentManager.h; path = rekola/ContentManager.h; sourceTree = "<group>"; };
		5E43080F1907C6C600B36CE8 /* ContentManager.m */ = {isa = PBXFileReference; fileEncoding = 4; lastKnownFileType = sourcecode.c.objc; name = ContentManager.m; path = rekola/ContentManager.m; sourceTree = "<group>"; };
		5E86CEEF19090034001C1382 /* SettingsCell.m */ = {isa = PBXFileReference; fileEncoding = 4; lastKnownFileType = sourcecode.c.objc; name = SettingsCell.m; path = rekola/SettingsCell.m; sourceTree = "<group>"; };
		5E86CEF019090034001C1382 /* SettingsCell.h */ = {isa = PBXFileReference; fileEncoding = 4; lastKnownFileType = sourcecode.c.h; name = SettingsCell.h; path = rekola/SettingsCell.h; sourceTree = "<group>"; };
		5E86CEFE190936FB001C1382 /* ReturnBikeViewController.h */ = {isa = PBXFileReference; fileEncoding = 4; lastKnownFileType = sourcecode.c.h; name = ReturnBikeViewController.h; path = rekola/ReturnBikeViewController.h; sourceTree = "<group>"; };
		5E86CEFF190936FB001C1382 /* ReturnBikeViewController.m */ = {isa = PBXFileReference; fileEncoding = 4; lastKnownFileType = sourcecode.c.objc; name = ReturnBikeViewController.m; path = rekola/ReturnBikeViewController.m; sourceTree = "<group>"; };
		5E86CF1E190A5BF2001C1382 /* RKAnnotation.h */ = {isa = PBXFileReference; fileEncoding = 4; lastKnownFileType = sourcecode.c.h; name = RKAnnotation.h; path = rekola/RKAnnotation.h; sourceTree = "<group>"; };
		5E86CF1F190A5BF2001C1382 /* RKAnnotation.m */ = {isa = PBXFileReference; fileEncoding = 4; lastKnownFileType = sourcecode.c.objc; name = RKAnnotation.m; path = rekola/RKAnnotation.m; sourceTree = "<group>"; };
		5E86CF21190A5C06001C1382 /* RKMapView.h */ = {isa = PBXFileReference; fileEncoding = 4; lastKnownFileType = sourcecode.c.h; name = RKMapView.h; path = rekola/RKMapView.h; sourceTree = "<group>"; };
		5E86CF22190A5C06001C1382 /* RKMapView.m */ = {isa = PBXFileReference; fileEncoding = 4; lastKnownFileType = sourcecode.c.objc; name = RKMapView.m; path = rekola/RKMapView.m; sourceTree = "<group>"; };
		5EAAC0481917C610007B6D0A /* walk-highlight@2x.png */ = {isa = PBXFileReference; lastKnownFileType = image.png; path = "walk-highlight@2x.png"; sourceTree = "<group>"; };
		5EAAC0491917C610007B6D0A /* walk-highlight.png */ = {isa = PBXFileReference; lastKnownFileType = image.png; path = "walk-highlight.png"; sourceTree = "<group>"; };
		5ED5534C190E7CCF00A03DA6 /* BikeDetailViewController.h */ = {isa = PBXFileReference; fileEncoding = 4; lastKnownFileType = sourcecode.c.h; name = BikeDetailViewController.h; path = rekola/BikeDetailViewController.h; sourceTree = "<group>"; };
		5ED5534D190E7CCF00A03DA6 /* BikeDetailViewController.m */ = {isa = PBXFileReference; fileEncoding = 4; lastKnownFileType = sourcecode.c.objc; name = BikeDetailViewController.m; path = rekola/BikeDetailViewController.m; sourceTree = "<group>"; };
		5ED5534F190E8FFD00A03DA6 /* NSError+LocalizedMessage.h */ = {isa = PBXFileReference; fileEncoding = 4; lastKnownFileType = sourcecode.c.h; name = "NSError+LocalizedMessage.h"; path = "rekola/NSError+LocalizedMessage.h"; sourceTree = "<group>"; };
		5ED55350190E8FFD00A03DA6 /* NSError+LocalizedMessage.m */ = {isa = PBXFileReference; fileEncoding = 4; lastKnownFileType = sourcecode.c.objc; name = "NSError+LocalizedMessage.m"; path = "rekola/NSError+LocalizedMessage.m"; sourceTree = "<group>"; };
		5ED55352190ECB8B00A03DA6 /* LocateViewController.h */ = {isa = PBXFileReference; fileEncoding = 4; lastKnownFileType = sourcecode.c.h; name = LocateViewController.h; path = rekola/LocateViewController.h; sourceTree = "<group>"; };
		5ED55353190ECB8B00A03DA6 /* LocateViewController.m */ = {isa = PBXFileReference; fileEncoding = 4; lastKnownFileType = sourcecode.c.objc; name = LocateViewController.m; path = rekola/LocateViewController.m; sourceTree = "<group>"; };
		5EDE21E41907DC3F0017D36E /* LoginViewController.h */ = {isa = PBXFileReference; fileEncoding = 4; lastKnownFileType = sourcecode.c.h; name = LoginViewController.h; path = rekola/LoginViewController.h; sourceTree = "<group>"; };
		5EDE21E51907DC3F0017D36E /* LoginViewController.m */ = {isa = PBXFileReference; fileEncoding = 4; lastKnownFileType = sourcecode.c.objc; name = LoginViewController.m; path = rekola/LoginViewController.m; sourceTree = "<group>"; };
		5EDE21F01907E8840017D36E /* MapViewController.h */ = {isa = PBXFileReference; fileEncoding = 4; lastKnownFileType = sourcecode.c.h; name = MapViewController.h; path = rekola/MapViewController.h; sourceTree = "<group>"; };
		5EDE21F11907E8840017D36E /* MapViewController.m */ = {isa = PBXFileReference; fileEncoding = 4; lastKnownFileType = sourcecode.c.objc; name = MapViewController.m; path = rekola/MapViewController.m; sourceTree = "<group>"; };
		5EDE21F31907F6520017D36E /* MapKit.framework */ = {isa = PBXFileReference; lastKnownFileType = wrapper.framework; name = MapKit.framework; path = System/Library/Frameworks/MapKit.framework; sourceTree = SDKROOT; };
		5EDE21F51907F96E0017D36E /* JSONObject.m */ = {isa = PBXFileReference; fileEncoding = 4; lastKnownFileType = sourcecode.c.objc; name = JSONObject.m; path = rekola/JSONObject.m; sourceTree = "<group>"; };
		5EDE21F61907F96E0017D36E /* JSONObject.h */ = {isa = PBXFileReference; fileEncoding = 4; lastKnownFileType = sourcecode.c.h; name = JSONObject.h; path = rekola/JSONObject.h; sourceTree = "<group>"; };
		5EDE21F81907FCBA0017D36E /* Bike.h */ = {isa = PBXFileReference; fileEncoding = 4; lastKnownFileType = sourcecode.c.h; name = Bike.h; path = rekola/Bike.h; sourceTree = "<group>"; };
		5EDE21F91907FCBA0017D36E /* Bike.m */ = {isa = PBXFileReference; fileEncoding = 4; lastKnownFileType = sourcecode.c.objc; name = Bike.m; path = rekola/Bike.m; sourceTree = "<group>"; };
		5EDE21FB1907FD380017D36E /* RKLocation.h */ = {isa = PBXFileReference; fileEncoding = 4; lastKnownFileType = sourcecode.c.h; name = RKLocation.h; path = rekola/RKLocation.h; sourceTree = "<group>"; };
		5EDE21FC1907FD380017D36E /* RKLocation.m */ = {isa = PBXFileReference; fileEncoding = 4; lastKnownFileType = sourcecode.c.objc; name = RKLocation.m; path = rekola/RKLocation.m; sourceTree = "<group>"; };
		5EDE21FE1907FDBE0017D36E /* CoreLocation.framework */ = {isa = PBXFileReference; lastKnownFileType = wrapper.framework; name = CoreLocation.framework; path = System/Library/Frameworks/CoreLocation.framework; sourceTree = SDKROOT; };
		5EDE2211190819C60017D36E /* ProfileViewController.h */ = {isa = PBXFileReference; fileEncoding = 4; lastKnownFileType = sourcecode.c.h; name = ProfileViewController.h; path = rekola/ProfileViewController.h; sourceTree = "<group>"; };
		5EDE2212190819C60017D36E /* ProfileViewController.m */ = {isa = PBXFileReference; fileEncoding = 4; lastKnownFileType = sourcecode.c.objc; name = ProfileViewController.m; path = rekola/ProfileViewController.m; sourceTree = "<group>"; };
		5EDE2214190819D70017D36E /* BikeViewController.h */ = {isa = PBXFileReference; fileEncoding = 4; lastKnownFileType = sourcecode.c.h; name = BikeViewController.h; path = rekola/BikeViewController.h; sourceTree = "<group>"; };
		5EDE2215190819D70017D36E /* BikeViewController.m */ = {isa = PBXFileReference; fileEncoding = 4; lastKnownFileType = sourcecode.c.objc; name = BikeViewController.m; path = rekola/BikeViewController.m; sourceTree = "<group>"; };
		5EDEBF61193DD1A6006846BA /* ic_pin_ic_grave@2x.png */ = {isa = PBXFileReference; lastKnownFileType = image.png; path = "ic_pin_ic_grave@2x.png"; sourceTree = "<group>"; };
		5EDEBF62193DD1A6006846BA /* ic_pin_ic_grave.png */ = {isa = PBXFileReference; lastKnownFileType = image.png; path = ic_pin_ic_grave.png; sourceTree = "<group>"; };
/* End PBXFileReference section */

/* Begin PBXFrameworksBuildPhase section */
		5E1DF8951907BB8100127F56 /* Frameworks */ = {
			isa = PBXFrameworksBuildPhase;
			buildActionMask = 2147483647;
			files = (
				5E2CAEC91913E51100244206 /* QuartzCore.framework in Frameworks */,
				5EDE21FF1907FDBE0017D36E /* CoreLocation.framework in Frameworks */,
				5EDE21F41907F6520017D36E /* MapKit.framework in Frameworks */,
				5E1DF89E1907BB8100127F56 /* CoreGraphics.framework in Frameworks */,
				5E1DF8A01907BB8100127F56 /* UIKit.framework in Frameworks */,
				5E1DF89C1907BB8100127F56 /* Foundation.framework in Frameworks */,
			);
			runOnlyForDeploymentPostprocessing = 0;
		};
		5E1DF8B61907BB8100127F56 /* Frameworks */ = {
			isa = PBXFrameworksBuildPhase;
			buildActionMask = 2147483647;
			files = (
				5E1DF8BB1907BB8100127F56 /* XCTest.framework in Frameworks */,
				5E1DF8BD1907BB8100127F56 /* UIKit.framework in Frameworks */,
				5E1DF8BC1907BB8100127F56 /* Foundation.framework in Frameworks */,
			);
			runOnlyForDeploymentPostprocessing = 0;
		};
/* End PBXFrameworksBuildPhase section */

/* Begin PBXGroup section */
		5E1DF88F1907BB8100127F56 = {
			isa = PBXGroup;
			children = (
				5E1DF8F11907BF0800127F56 /* Additions */,
				5E1DF8F21907BF0F00127F56 /* Cells */,
				5E1DF8F31907BF1400127F56 /* Components */,
				5E1DF8F51907BF2B00127F56 /* Model */,
				5E1DF8F41907BF2100127F56 /* Managers */,
				5E1DF8F61907BF3500127F56 /* View Controllers (General) */,
				5E1DF8F71907BF3E00127F56 /* View Controllers (Custom) */,
				5E1DF8A11907BB8100127F56 /* rekola */,
				5E1DF8C01907BB8100127F56 /* rekolaTests */,
				5E1DF8D11907BE1600127F56 /* Resources */,
				5E1DF8D01907BDFA00127F56 /* Libraries */,
				5E1DF89A1907BB8100127F56 /* Frameworks */,
				5E1DF8991907BB8100127F56 /* Products */,
			);
			sourceTree = "<group>";
		};
		5E1DF8991907BB8100127F56 /* Products */ = {
			isa = PBXGroup;
			children = (
				5E1DF8981907BB8100127F56 /* rekola.app */,
				5E1DF8B91907BB8100127F56 /* rekolaTests.xctest */,
			);
			name = Products;
			sourceTree = "<group>";
		};
		5E1DF89A1907BB8100127F56 /* Frameworks */ = {
			isa = PBXGroup;
			children = (
				5E2CAEC81913E51100244206 /* QuartzCore.framework */,
				5EDE21FE1907FDBE0017D36E /* CoreLocation.framework */,
				5EDE21F31907F6520017D36E /* MapKit.framework */,
				5E1DF89B1907BB8100127F56 /* Foundation.framework */,
				5E1DF89D1907BB8100127F56 /* CoreGraphics.framework */,
				5E1DF89F1907BB8100127F56 /* UIKit.framework */,
				5E1DF8BA1907BB8100127F56 /* XCTest.framework */,
			);
			name = Frameworks;
			sourceTree = "<group>";
		};
		5E1DF8A11907BB8100127F56 /* rekola */ = {
			isa = PBXGroup;
			children = (
				5E1DF8AA1907BB8100127F56 /* AppDelegate.h */,
				5E1DF8AB1907BB8100127F56 /* AppDelegate.m */,
				5E1DF8AD1907BB8100127F56 /* Main.storyboard */,
				5E1DF8B31907BB8100127F56 /* Images.xcassets */,
				5E1DF8A21907BB8100127F56 /* Supporting Files */,
			);
			path = rekola;
			sourceTree = "<group>";
		};
		5E1DF8A21907BB8100127F56 /* Supporting Files */ = {
			isa = PBXGroup;
			children = (
				5E086CAE194CA628000389C3 /* prague_center.gpx */,
				5E41C93E19192F3C00316BB5 /* Localizable.strings */,
				5E1DF8A31907BB8100127F56 /* rekola-Info.plist */,
				5E1DF8A41907BB8100127F56 /* InfoPlist.strings */,
				5E1DF8A71907BB8100127F56 /* main.m */,
				5E1DF8A91907BB8100127F56 /* rekola-Prefix.pch */,
			);
			name = "Supporting Files";
			sourceTree = "<group>";
		};
		5E1DF8C01907BB8100127F56 /* rekolaTests */ = {
			isa = PBXGroup;
			children = (
				5E1DF8C61907BB8100127F56 /* rekolaTests.m */,
				5E1DF8C11907BB8100127F56 /* Supporting Files */,
			);
			path = rekolaTests;
			sourceTree = "<group>";
		};
		5E1DF8C11907BB8100127F56 /* Supporting Files */ = {
			isa = PBXGroup;
			children = (
				5E1DF8C21907BB8100127F56 /* rekolaTests-Info.plist */,
				5E1DF8C31907BB8100127F56 /* InfoPlist.strings */,
			);
			name = "Supporting Files";
			sourceTree = "<group>";
		};
		5E1DF8D01907BDFA00127F56 /* Libraries */ = {
			isa = PBXGroup;
			children = (
				5E4307F11907C2ED00B36CE8 /* UIKit+AFNetworking */,
				5E1DF8D41907BE4700127F56 /* AFNetworking */,
			);
			name = Libraries;
			sourceTree = "<group>";
		};
		5E1DF8D11907BE1600127F56 /* Resources */ = {
			isa = PBXGroup;
			children = (
				5E1DF8D31907BE3200127F56 /* images */,
			);
			name = Resources;
			sourceTree = "<group>";
		};
		5E1DF8D31907BE3200127F56 /* images */ = {
			isa = PBXGroup;
			children = (
				5E2CAE451913D0A800244206 /* tabbar_ic_return_inactive@2x.png */,
				5E2CAE461913D0A800244206 /* tabbar_ic_return_inactive.png */,
				5EAAC0481917C610007B6D0A /* walk-highlight@2x.png */,
				5EAAC0491917C610007B6D0A /* walk-highlight.png */,
				5E2CAE471913D0A800244206 /* tabbar_ic_return_active@2x.png */,
				5E2CAE481913D0A800244206 /* tabbar_ic_return_active.png */,
				5E2CAE491913D0A800244206 /* tabbar_ic_profile_inactive@2x.png */,
				5E36BF12193F094B00C214E6 /* ic_pin_focused_pressed.png */,
				5E36BF13193F094B00C214E6 /* ic_pin_focused_pressed@2x.png */,
				5E36BF14193F094B00C214E6 /* ic_pin_noparking_normal.png */,
				5E36BF15193F094B00C214E6 /* ic_pin_noparking_normal@2x.png */,
				5E36BF16193F094B00C214E6 /* ic_pin_noparking_pressed.png */,
				5E36BF17193F094B00C214E6 /* ic_pin_noparking_pressed@2x.png */,
				5E36BF18193F094B00C214E6 /* ic_pin_parking_normal.png */,
				5E36BF19193F094B00C214E6 /* ic_pin_parking_normal@2x.png */,
				5E36BF1A193F094B00C214E6 /* ic_pin_parking_pressed.png */,
				5E36BF1B193F094B00C214E6 /* ic_pin_parking_pressed@2x.png */,
				5E2CAE4A1913D0A800244206 /* tabbar_ic_profile_inactive.png */,
				5E2CAE4B1913D0A800244206 /* tabbar_ic_profile_active@2x.png */,
				5E2CAE4C1913D0A800244206 /* tabbar_ic_profile_active.png */,
				5EDEBF61193DD1A6006846BA /* ic_pin_ic_grave@2x.png */,
				5EDEBF62193DD1A6006846BA /* ic_pin_ic_grave.png */,
				5E2CAE4D1913D0A800244206 /* tabbar_ic_map_inactive@2x.png */,
				5E2CAE4E1913D0A800244206 /* tabbar_ic_map_inactive.png */,
				5E2CAE4F1913D0A800244206 /* tabbar_ic_map_active@2x.png */,
				5E2CAE501913D0A800244206 /* tabbar_ic_map_active.png */,
				5E2CAE511913D0A800244206 /* tabbar_ic_borrow_inactive@2x.png */,
				5E2CAE521913D0A800244206 /* tabbar_ic_borrow_inactive.png */,
				5E2CAE531913D0A800244206 /* tabbar_ic_borrow_active@2x.png */,
				5E2CAE541913D0A800244206 /* tabbar_ic_borrow_active.png */,
				5E2CAE551913D0A800244206 /* navbar_ic_logo@2x.png */,
				5E2CAE561913D0A800244206 /* navbar_ic_logo.png */,
				5E2CAE571913D0A800244206 /* navbar_ic_back@2x.png */,
				5E2CAE581913D0A800244206 /* navbar_ic_back.png */,
				5E2CAE591913D0A800244206 /* navbar_ic_back_transition@2x.png */,
				5E2CAE5A1913D0A800244206 /* navbar_ic_back_transition.png */,
				5E2CAE5D1913D0A800244206 /* ic_pin_normal@2x.png */,
				5E2CAE5E1913D0A800244206 /* ic_pin_normal.png */,
				5E2CAE5F1913D0A800244206 /* ic_facebook@2x.png */,
				5E2CAE601913D0A800244206 /* ic_facebook.png */,
				5E2CAE611913D0A800244206 /* ic_close@2x.png */,
				5E2CAE621913D0A800244206 /* ic_close.png */,
				5E2CAE631913D0A800244206 /* ic_arrow@2x.png */,
				5E2CAE641913D0A800244206 /* ic_arrow.png */,
			);
			name = images;
			path = resources/images;
			sourceTree = "<group>";
		};
		5E1DF8D41907BE4700127F56 /* AFNetworking */ = {
			isa = PBXGroup;
			children = (
				5E1DF8D51907BE4700127F56 /* AFHTTPRequestOperation.h */,
				5E1DF8D61907BE4700127F56 /* AFHTTPRequestOperation.m */,
				5E1DF8D71907BE4700127F56 /* AFHTTPRequestOperationManager.h */,
				5E1DF8D81907BE4700127F56 /* AFHTTPRequestOperationManager.m */,
				5E1DF8D91907BE4700127F56 /* AFHTTPSessionManager.h */,
				5E1DF8DA1907BE4700127F56 /* AFHTTPSessionManager.m */,
				5E1DF8DB1907BE4700127F56 /* AFNetworking.h */,
				5E1DF8DC1907BE4700127F56 /* AFNetworkReachabilityManager.h */,
				5E1DF8DD1907BE4700127F56 /* AFNetworkReachabilityManager.m */,
				5E1DF8DE1907BE4700127F56 /* AFSecurityPolicy.h */,
				5E1DF8DF1907BE4700127F56 /* AFSecurityPolicy.m */,
				5E1DF8E01907BE4700127F56 /* AFURLConnectionOperation.h */,
				5E1DF8E11907BE4700127F56 /* AFURLConnectionOperation.m */,
				5E1DF8E21907BE4700127F56 /* AFURLRequestSerialization.h */,
				5E1DF8E31907BE4700127F56 /* AFURLRequestSerialization.m */,
				5E1DF8E41907BE4700127F56 /* AFURLResponseSerialization.h */,
				5E1DF8E51907BE4700127F56 /* AFURLResponseSerialization.m */,
				5E1DF8E61907BE4700127F56 /* AFURLSessionManager.h */,
				5E1DF8E71907BE4700127F56 /* AFURLSessionManager.m */,
			);
			name = AFNetworking;
			path = libraries/AFNetworking/AFNetworking;
			sourceTree = "<group>";
		};
		5E1DF8F11907BF0800127F56 /* Additions */ = {
			isa = PBXGroup;
			children = (
				5E43080B1907C62C00B36CE8 /* UIAlertView+CompletionBlock.h */,
				5E43080C1907C62C00B36CE8 /* UIAlertView+CompletionBlock.m */,
				5ED5534F190E8FFD00A03DA6 /* NSError+LocalizedMessage.h */,
				5ED55350190E8FFD00A03DA6 /* NSError+LocalizedMessage.m */,
				5E074173190FD1E900688477 /* UIColor+RKColor.h */,
				5E074174190FD1E900688477 /* UIColor+RKColor.m */,
				5E2CAE421913C07800244206 /* NSNumber+RKUtils.h */,
				5E2CAE431913C07800244206 /* NSNumber+RKUtils.m */,
				5E2CAECA1913FB0E00244206 /* UIButton+RKUtils.h */,
				5E2CAECB1913FB0E00244206 /* UIButton+RKUtils.m */,
				5E3E68691916B816005653D4 /* UIImage+Tint.h */,
				5E3E68681916B816005653D4 /* UIImage+Tint.m */,
			);
			name = Additions;
			sourceTree = "<group>";
		};
		5E1DF8F21907BF0F00127F56 /* Cells */ = {
			isa = PBXGroup;
			children = (
				5E1DF8FB1907BF9700127F56 /* BaseCell.h */,
				5E1DF8FC1907BF9700127F56 /* BaseCell.m */,
				5E86CEF019090034001C1382 /* SettingsCell.h */,
				5E86CEEF19090034001C1382 /* SettingsCell.m */,
			);
			name = Cells;
			sourceTree = "<group>";
		};
		5E1DF8F31907BF1400127F56 /* Components */ = {
			isa = PBXGroup;
			children = (
				5E86CF1D190A5BD7001C1382 /* RKMap */,
				5E2CAE3F191396FF00244206 /* POIDetailView.h */,
				5E2CAE40191396FF00244206 /* POIDetailView.m */,
			);
			name = Components;
			sourceTree = "<group>";
		};
		5E1DF8F41907BF2100127F56 /* Managers */ = {
			isa = PBXGroup;
			children = (
				5E43080E1907C6C600B36CE8 /* ContentManager.h */,
				5E43080F1907C6C600B36CE8 /* ContentManager.m */,
				5E4307EE1907C2A500B36CE8 /* APIManager.h */,
				5E4307EF1907C2A500B36CE8 /* APIManager.m */,
			);
			name = Managers;
			sourceTree = "<group>";
		};
		5E1DF8F51907BF2B00127F56 /* Model */ = {
			isa = PBXGroup;
			children = (
				5EDE21F61907F96E0017D36E /* JSONObject.h */,
				5EDE21F51907F96E0017D36E /* JSONObject.m */,
				5EDE21F81907FCBA0017D36E /* Bike.h */,
				5EDE21F91907FCBA0017D36E /* Bike.m */,
				5E21A8F9191CD71A003ACE9C /* POI.h */,
				5E21A8FA191CD71A003ACE9C /* POI.m */,
				5EDE21FB1907FD380017D36E /* RKLocation.h */,
				5EDE21FC1907FD380017D36E /* RKLocation.m */,
			);
			name = Model;
			sourceTree = "<group>";
		};
		5E1DF8F61907BF3500127F56 /* View Controllers (General) */ = {
			isa = PBXGroup;
			children = (
				5E1DF8F81907BF7700127F56 /* BaseViewController.h */,
				5E1DF8F91907BF7700127F56 /* BaseViewController.m */,
				5E21A8FC191D1148003ACE9C /* BaseNavigationController.h */,
				5E21A8FD191D1148003ACE9C /* BaseNavigationController.m */,
				5E074170190FCFD600688477 /* TabBarController.h */,
				5E074171190FCFD600688477 /* TabBarController.m */,
			);
			name = "View Controllers (General)";
			sourceTree = "<group>";
		};
		5E1DF8F71907BF3E00127F56 /* View Controllers (Custom) */ = {
			isa = PBXGroup;
			children = (
				5E41C938191904B800316BB5 /* SuccessViewController.h */,
				5E41C939191904B800316BB5 /* SuccessViewController.m */,
				5EDE2214190819D70017D36E /* BikeViewController.h */,
				5EDE2215190819D70017D36E /* BikeViewController.m */,
				5ED55352190ECB8B00A03DA6 /* LocateViewController.h */,
				5ED55353190ECB8B00A03DA6 /* LocateViewController.m */,
				5ED5534C190E7CCF00A03DA6 /* BikeDetailViewController.h */,
				5ED5534D190E7CCF00A03DA6 /* BikeDetailViewController.m */,
				5E86CEFE190936FB001C1382 /* ReturnBikeViewController.h */,
				5E86CEFF190936FB001C1382 /* ReturnBikeViewController.m */,
				5EDE21F01907E8840017D36E /* MapViewController.h */,
				5EDE21F11907E8840017D36E /* MapViewController.m */,
				5EDE2211190819C60017D36E /* ProfileViewController.h */,
				5EDE2212190819C60017D36E /* ProfileViewController.m */,
				5EDE21E41907DC3F0017D36E /* LoginViewController.h */,
				5EDE21E51907DC3F0017D36E /* LoginViewController.m */,
			);
			name = "View Controllers (Custom)";
			sourceTree = "<group>";
		};
		5E4307F11907C2ED00B36CE8 /* UIKit+AFNetworking */ = {
			isa = PBXGroup;
			children = (
				5E4307F21907C2ED00B36CE8 /* AFNetworkActivityIndicatorManager.h */,
				5E4307F31907C2ED00B36CE8 /* AFNetworkActivityIndicatorManager.m */,
				5E4307F41907C2ED00B36CE8 /* UIActivityIndicatorView+AFNetworking.h */,
				5E4307F51907C2ED00B36CE8 /* UIActivityIndicatorView+AFNetworking.m */,
				5E4307F61907C2ED00B36CE8 /* UIAlertView+AFNetworking.h */,
				5E4307F71907C2ED00B36CE8 /* UIAlertView+AFNetworking.m */,
				5E4307F81907C2ED00B36CE8 /* UIButton+AFNetworking.h */,
				5E4307F91907C2ED00B36CE8 /* UIButton+AFNetworking.m */,
				5E4307FA1907C2ED00B36CE8 /* UIImageView+AFNetworking.h */,
				5E4307FB1907C2ED00B36CE8 /* UIImageView+AFNetworking.m */,
				5E4307FC1907C2ED00B36CE8 /* UIKit+AFNetworking.h */,
				5E4307FD1907C2ED00B36CE8 /* UIProgressView+AFNetworking.h */,
				5E4307FE1907C2ED00B36CE8 /* UIProgressView+AFNetworking.m */,
				5E4307FF1907C2ED00B36CE8 /* UIRefreshControl+AFNetworking.h */,
				5E4308001907C2ED00B36CE8 /* UIRefreshControl+AFNetworking.m */,
				5E4308011907C2ED00B36CE8 /* UIWebView+AFNetworking.h */,
				5E4308021907C2ED00B36CE8 /* UIWebView+AFNetworking.m */,
			);
			name = "UIKit+AFNetworking";
			path = "libraries/AFNetworking/UIKit+AFNetworking";
			sourceTree = "<group>";
		};
		5E86CF1D190A5BD7001C1382 /* RKMap */ = {
			isa = PBXGroup;
			children = (
				5E86CF1E190A5BF2001C1382 /* RKAnnotation.h */,
				5E86CF1F190A5BF2001C1382 /* RKAnnotation.m */,
				5E86CF21190A5C06001C1382 /* RKMapView.h */,
				5E86CF22190A5C06001C1382 /* RKMapView.m */,
			);
			name = RKMap;
			sourceTree = "<group>";
		};
/* End PBXGroup section */

/* Begin PBXNativeTarget section */
		5E1DF8971907BB8100127F56 /* rekola */ = {
			isa = PBXNativeTarget;
			buildConfigurationList = 5E1DF8CA1907BB8100127F56 /* Build configuration list for PBXNativeTarget "rekola" */;
			buildPhases = (
				5E1DF8941907BB8100127F56 /* Sources */,
				5E1DF8951907BB8100127F56 /* Frameworks */,
				5E1DF8961907BB8100127F56 /* Resources */,
			);
			buildRules = (
			);
			dependencies = (
			);
			name = rekola;
			productName = rekola;
			productReference = 5E1DF8981907BB8100127F56 /* rekola.app */;
			productType = "com.apple.product-type.application";
		};
		5E1DF8B81907BB8100127F56 /* rekolaTests */ = {
			isa = PBXNativeTarget;
			buildConfigurationList = 5E1DF8CD1907BB8100127F56 /* Build configuration list for PBXNativeTarget "rekolaTests" */;
			buildPhases = (
				5E1DF8B51907BB8100127F56 /* Sources */,
				5E1DF8B61907BB8100127F56 /* Frameworks */,
				5E1DF8B71907BB8100127F56 /* Resources */,
			);
			buildRules = (
			);
			dependencies = (
				5E1DF8BF1907BB8100127F56 /* PBXTargetDependency */,
			);
			name = rekolaTests;
			productName = rekolaTests;
			productReference = 5E1DF8B91907BB8100127F56 /* rekolaTests.xctest */;
			productType = "com.apple.product-type.bundle.unit-test";
		};
/* End PBXNativeTarget section */

/* Begin PBXProject section */
		5E1DF8901907BB8100127F56 /* Project object */ = {
			isa = PBXProject;
			attributes = {
				LastUpgradeCheck = 0510;
				ORGANIZATIONNAME = "Martin Banas";
				TargetAttributes = {
					5E1DF8B81907BB8100127F56 = {
						TestTargetID = 5E1DF8971907BB8100127F56;
					};
				};
			};
			buildConfigurationList = 5E1DF8931907BB8100127F56 /* Build configuration list for PBXProject "rekola" */;
			compatibilityVersion = "Xcode 3.2";
			developmentRegion = English;
			hasScannedForEncodings = 0;
			knownRegions = (
				en,
				Base,
				cs,
			);
			mainGroup = 5E1DF88F1907BB8100127F56;
			productRefGroup = 5E1DF8991907BB8100127F56 /* Products */;
			projectDirPath = "";
			projectRoot = "";
			targets = (
				5E1DF8971907BB8100127F56 /* rekola */,
				5E1DF8B81907BB8100127F56 /* rekolaTests */,
			);
		};
/* End PBXProject section */

/* Begin PBXResourcesBuildPhase section */
		5E1DF8961907BB8100127F56 /* Resources */ = {
			isa = PBXResourcesBuildPhase;
			buildActionMask = 2147483647;
			files = (
				5E2CAE791913D0A800244206 /* navbar_ic_back_transition@2x.png in Resources */,
				5E2CAE711913D0A800244206 /* tabbar_ic_borrow_inactive@2x.png in Resources */,
				5E2CAE7D1913D0A800244206 /* ic_pin_normal@2x.png in Resources */,
				5E2CAE701913D0A800244206 /* tabbar_ic_map_active.png in Resources */,
				5E36BF1C193F094B00C214E6 /* ic_pin_focused_pressed.png in Resources */,
				5E2CAE801913D0A800244206 /* ic_facebook.png in Resources */,
				5E2CAE721913D0A800244206 /* tabbar_ic_borrow_inactive.png in Resources */,
				5E2CAE6D1913D0A800244206 /* tabbar_ic_map_inactive@2x.png in Resources */,
				5E2CAE6C1913D0A800244206 /* tabbar_ic_profile_active.png in Resources */,
				5E2CAE831913D0A800244206 /* ic_arrow@2x.png in Resources */,
				5E2CAE841913D0A800244206 /* ic_arrow.png in Resources */,
				5E2CAE781913D0A800244206 /* navbar_ic_back.png in Resources */,
				5E2CAE7A1913D0A800244206 /* navbar_ic_back_transition.png in Resources */,
				5E2CAE821913D0A800244206 /* ic_close.png in Resources */,
				5E36BF22193F094B00C214E6 /* ic_pin_parking_normal.png in Resources */,
				5EDEBF68193DD1A6006846BA /* ic_pin_ic_grave.png in Resources */,
				5E2CAE6E1913D0A800244206 /* tabbar_ic_map_inactive.png in Resources */,
				5E2CAE811913D0A800244206 /* ic_close@2x.png in Resources */,
				5E36BF1F193F094B00C214E6 /* ic_pin_noparking_normal@2x.png in Resources */,
				5E2CAE6B1913D0A800244206 /* tabbar_ic_profile_active@2x.png in Resources */,
				5E086CAF194CA628000389C3 /* prague_center.gpx in Resources */,
				5E36BF23193F094B00C214E6 /* ic_pin_parking_normal@2x.png in Resources */,
				5EAAC04A1917C610007B6D0A /* walk-highlight@2x.png in Resources */,
				5E2CAE751913D0A800244206 /* navbar_ic_logo@2x.png in Resources */,
				5E6EA5431913921A001FC7AD /* Main.storyboard in Resources */,
				5E2CAE6F1913D0A800244206 /* tabbar_ic_map_active@2x.png in Resources */,
				5E6EA54219139210001FC7AD /* Images.xcassets in Resources */,
				5E2CAE681913D0A800244206 /* tabbar_ic_return_active.png in Resources */,
				5E2CAE761913D0A800244206 /* navbar_ic_logo.png in Resources */,
				5E36BF25193F094B00C214E6 /* ic_pin_parking_pressed@2x.png in Resources */,
				5E36BF1D193F094B00C214E6 /* ic_pin_focused_pressed@2x.png in Resources */,
				5E2CAE651913D0A800244206 /* tabbar_ic_return_inactive@2x.png in Resources */,
				5E2CAE7F1913D0A800244206 /* ic_facebook@2x.png in Resources */,
				5E2CAE6A1913D0A800244206 /* tabbar_ic_profile_inactive.png in Resources */,
				5E36BF1E193F094B00C214E6 /* ic_pin_noparking_normal.png in Resources */,
				5E2CAE741913D0A800244206 /* tabbar_ic_borrow_active.png in Resources */,
				5E1DF8A61907BB8100127F56 /* InfoPlist.strings in Resources */,
				5E2CAE771913D0A800244206 /* navbar_ic_back@2x.png in Resources */,
				5E2CAE691913D0A800244206 /* tabbar_ic_profile_inactive@2x.png in Resources */,
				5EAAC04B1917C610007B6D0A /* walk-highlight.png in Resources */,
				5E2CAE731913D0A800244206 /* tabbar_ic_borrow_active@2x.png in Resources */,
				5E2CAE671913D0A800244206 /* tabbar_ic_return_active@2x.png in Resources */,
				5E41C94019192F3C00316BB5 /* Localizable.strings in Resources */,
				5E36BF21193F094B00C214E6 /* ic_pin_noparking_pressed@2x.png in Resources */,
				5EDEBF67193DD1A6006846BA /* ic_pin_ic_grave@2x.png in Resources */,
				5E36BF20193F094B00C214E6 /* ic_pin_noparking_pressed.png in Resources */,
				5E2CAE661913D0A800244206 /* tabbar_ic_return_inactive.png in Resources */,
				5E2CAE7E1913D0A800244206 /* ic_pin_normal.png in Resources */,
				5E36BF24193F094B00C214E6 /* ic_pin_parking_pressed.png in Resources */,
			);
			runOnlyForDeploymentPostprocessing = 0;
		};
		5E1DF8B71907BB8100127F56 /* Resources */ = {
			isa = PBXResourcesBuildPhase;
			buildActionMask = 2147483647;
			files = (
				5E1DF8C51907BB8100127F56 /* InfoPlist.strings in Resources */,
			);
			runOnlyForDeploymentPostprocessing = 0;
		};
/* End PBXResourcesBuildPhase section */

/* Begin PBXSourcesBuildPhase section */
		5E1DF8941907BB8100127F56 /* Sources */ = {
			isa = PBXSourcesBuildPhase;
			buildActionMask = 2147483647;
			files = (
				5E2CAECC1913FB0E00244206 /* UIButton+RKUtils.m in Sources */,
				5E1DF8E81907BE4700127F56 /* AFHTTPRequestOperation.m in Sources */,
				5EDE21E61907DC3F0017D36E /* LoginViewController.m in Sources */,
				5E1DF8E91907BE4700127F56 /* AFHTTPRequestOperationManager.m in Sources */,
				5E41C93A191904B800316BB5 /* SuccessViewController.m in Sources */,
				5E2CAE41191396FF00244206 /* POIDetailView.m in Sources */,
				5EDE2213190819C60017D36E /* ProfileViewController.m in Sources */,
				5E1DF8EB1907BE4700127F56 /* AFNetworkReachabilityManager.m in Sources */,
				5E4308031907C2ED00B36CE8 /* AFNetworkActivityIndicatorManager.m in Sources */,
				5E1DF8FD1907BF9700127F56 /* BaseCell.m in Sources */,
				5E1DF8EF1907BE4700127F56 /* AFURLResponseSerialization.m in Sources */,
				5E4308081907C2ED00B36CE8 /* UIProgressView+AFNetworking.m in Sources */,
				5ED5534E190E7CCF00A03DA6 /* BikeDetailViewController.m in Sources */,
				5EDE21FA1907FCBA0017D36E /* Bike.m in Sources */,
				5E1DF8ED1907BE4700127F56 /* AFURLConnectionOperation.m in Sources */,
				5E43080D1907C62C00B36CE8 /* UIAlertView+CompletionBlock.m in Sources */,
				5ED55354190ECB8B00A03DA6 /* LocateViewController.m in Sources */,
				5ED55351190E8FFD00A03DA6 /* NSError+LocalizedMessage.m in Sources */,
				5E074175190FD1E900688477 /* UIColor+RKColor.m in Sources */,
				5EDE21FD1907FD380017D36E /* RKLocation.m in Sources */,
				5E1DF8EC1907BE4700127F56 /* AFSecurityPolicy.m in Sources */,
				5E1DF8EA1907BE4700127F56 /* AFHTTPSessionManager.m in Sources */,
				5E4308061907C2ED00B36CE8 /* UIButton+AFNetworking.m in Sources */,
				5E86CF20190A5BF2001C1382 /* RKAnnotation.m in Sources */,
				5E4308071907C2ED00B36CE8 /* UIImageView+AFNetworking.m in Sources */,
				5E1DF8EE1907BE4700127F56 /* AFURLRequestSerialization.m in Sources */,
				5E1DF8FA1907BF7700127F56 /* BaseViewController.m in Sources */,
				5E3E686A1916B816005653D4 /* UIImage+Tint.m in Sources */,
				5E86CF00190936FB001C1382 /* ReturnBikeViewController.m in Sources */,
				5E86CF23190A5C06001C1382 /* RKMapView.m in Sources */,
				5E4308051907C2ED00B36CE8 /* UIAlertView+AFNetworking.m in Sources */,
				5E43080A1907C2ED00B36CE8 /* UIWebView+AFNetworking.m in Sources */,
				5E4308041907C2ED00B36CE8 /* UIActivityIndicatorView+AFNetworking.m in Sources */,
				5EDE21F71907F96E0017D36E /* JSONObject.m in Sources */,
				5EDE2216190819D70017D36E /* BikeViewController.m in Sources */,
				5E86CEF119090034001C1382 /* SettingsCell.m in Sources */,
				5E21A8FE191D1148003ACE9C /* BaseNavigationController.m in Sources */,
				5E21A8FB191CD71A003ACE9C /* POI.m in Sources */,
				5E1DF8F01907BE4700127F56 /* AFURLSessionManager.m in Sources */,
				5E2CAE441913C07800244206 /* NSNumber+RKUtils.m in Sources */,
				5EDE21F21907E8840017D36E /* MapViewController.m in Sources */,
				5E4308091907C2ED00B36CE8 /* UIRefreshControl+AFNetworking.m in Sources */,
				5E1DF8AC1907BB8100127F56 /* AppDelegate.m in Sources */,
				5E4308101907C6C600B36CE8 /* ContentManager.m in Sources */,
				5E074172190FCFD600688477 /* TabBarController.m in Sources */,
				5E1DF8A81907BB8100127F56 /* main.m in Sources */,
				5E4307F01907C2A500B36CE8 /* APIManager.m in Sources */,
			);
			runOnlyForDeploymentPostprocessing = 0;
		};
		5E1DF8B51907BB8100127F56 /* Sources */ = {
			isa = PBXSourcesBuildPhase;
			buildActionMask = 2147483647;
			files = (
				5E1DF8C71907BB8100127F56 /* rekolaTests.m in Sources */,
			);
			runOnlyForDeploymentPostprocessing = 0;
		};
/* End PBXSourcesBuildPhase section */

/* Begin PBXTargetDependency section */
		5E1DF8BF1907BB8100127F56 /* PBXTargetDependency */ = {
			isa = PBXTargetDependency;
			target = 5E1DF8971907BB8100127F56 /* rekola */;
			targetProxy = 5E1DF8BE1907BB8100127F56 /* PBXContainerItemProxy */;
		};
/* End PBXTargetDependency section */

/* Begin PBXVariantGroup section */
		5E1DF8A41907BB8100127F56 /* InfoPlist.strings */ = {
			isa = PBXVariantGroup;
			children = (
				5E1DF8A51907BB8100127F56 /* en */,
			);
			name = InfoPlist.strings;
			sourceTree = "<group>";
		};
		5E1DF8AD1907BB8100127F56 /* Main.storyboard */ = {
			isa = PBXVariantGroup;
			children = (
				5E1DF8AE1907BB8100127F56 /* Base */,
			);
			name = Main.storyboard;
			sourceTree = "<group>";
		};
		5E1DF8C31907BB8100127F56 /* InfoPlist.strings */ = {
			isa = PBXVariantGroup;
			children = (
				5E1DF8C41907BB8100127F56 /* en */,
			);
			name = InfoPlist.strings;
			sourceTree = "<group>";
		};
		5E41C93E19192F3C00316BB5 /* Localizable.strings */ = {
			isa = PBXVariantGroup;
			children = (
				5E41C93F19192F3C00316BB5 /* en */,
				5E21A90A191D2326003ACE9C /* cs */,
			);
			name = Localizable.strings;
			sourceTree = "<group>";
		};
/* End PBXVariantGroup section */

/* Begin XCBuildConfiguration section */
		5E1DF8C81907BB8100127F56 /* Debug */ = {
			isa = XCBuildConfiguration;
			buildSettings = {
				ALWAYS_SEARCH_USER_PATHS = NO;
				CLANG_CXX_LANGUAGE_STANDARD = "gnu++0x";
				CLANG_CXX_LIBRARY = "libc++";
				CLANG_ENABLE_MODULES = YES;
				CLANG_ENABLE_OBJC_ARC = YES;
				CLANG_WARN_BOOL_CONVERSION = YES;
				CLANG_WARN_CONSTANT_CONVERSION = YES;
				CLANG_WARN_DIRECT_OBJC_ISA_USAGE = YES_ERROR;
				CLANG_WARN_EMPTY_BODY = YES;
				CLANG_WARN_ENUM_CONVERSION = YES;
				CLANG_WARN_INT_CONVERSION = YES;
				CLANG_WARN_OBJC_ROOT_CLASS = YES_ERROR;
				CLANG_WARN__DUPLICATE_METHOD_MATCH = YES;
				"CODE_SIGN_IDENTITY[sdk=iphoneos*]" = "iPhone Developer";
				COPY_PHASE_STRIP = NO;
				GCC_C_LANGUAGE_STANDARD = gnu99;
				GCC_DYNAMIC_NO_PIC = NO;
				GCC_OPTIMIZATION_LEVEL = 0;
				GCC_PREPROCESSOR_DEFINITIONS = (
					"DEBUG=1",
					"$(inherited)",
				);
				GCC_SYMBOLS_PRIVATE_EXTERN = NO;
				GCC_WARN_64_TO_32_BIT_CONVERSION = YES;
				GCC_WARN_ABOUT_RETURN_TYPE = YES_ERROR;
				GCC_WARN_UNDECLARED_SELECTOR = YES;
				GCC_WARN_UNINITIALIZED_AUTOS = YES;
				GCC_WARN_UNUSED_FUNCTION = YES;
				GCC_WARN_UNUSED_VARIABLE = YES;
				IPHONEOS_DEPLOYMENT_TARGET = 7.0;
				ONLY_ACTIVE_ARCH = YES;
				SDKROOT = iphoneos;
			};
			name = Debug;
		};
		5E1DF8C91907BB8100127F56 /* Release */ = {
			isa = XCBuildConfiguration;
			buildSettings = {
				ALWAYS_SEARCH_USER_PATHS = NO;
				CLANG_CXX_LANGUAGE_STANDARD = "gnu++0x";
				CLANG_CXX_LIBRARY = "libc++";
				CLANG_ENABLE_MODULES = YES;
				CLANG_ENABLE_OBJC_ARC = YES;
				CLANG_WARN_BOOL_CONVERSION = YES;
				CLANG_WARN_CONSTANT_CONVERSION = YES;
				CLANG_WARN_DIRECT_OBJC_ISA_USAGE = YES_ERROR;
				CLANG_WARN_EMPTY_BODY = YES;
				CLANG_WARN_ENUM_CONVERSION = YES;
				CLANG_WARN_INT_CONVERSION = YES;
				CLANG_WARN_OBJC_ROOT_CLASS = YES_ERROR;
				CLANG_WARN__DUPLICATE_METHOD_MATCH = YES;
				"CODE_SIGN_IDENTITY[sdk=iphoneos*]" = "iPhone Developer";
				COPY_PHASE_STRIP = YES;
				ENABLE_NS_ASSERTIONS = NO;
				GCC_C_LANGUAGE_STANDARD = gnu99;
				GCC_WARN_64_TO_32_BIT_CONVERSION = YES;
				GCC_WARN_ABOUT_RETURN_TYPE = YES_ERROR;
				GCC_WARN_UNDECLARED_SELECTOR = YES;
				GCC_WARN_UNINITIALIZED_AUTOS = YES;
				GCC_WARN_UNUSED_FUNCTION = YES;
				GCC_WARN_UNUSED_VARIABLE = YES;
				IPHONEOS_DEPLOYMENT_TARGET = 7.0;
				SDKROOT = iphoneos;
				VALIDATE_PRODUCT = YES;
			};
			name = Release;
		};
		5E1DF8CB1907BB8100127F56 /* Debug */ = {
			isa = XCBuildConfiguration;
			buildSettings = {
				ASSETCATALOG_COMPILER_APPICON_NAME = AppIcon;
				ASSETCATALOG_COMPILER_LAUNCHIMAGE_NAME = LaunchImage;
				CODE_SIGN_IDENTITY = "iPhone Developer";
				"CODE_SIGN_IDENTITY[sdk=iphoneos*]" = "iPhone Developer";
				GCC_PRECOMPILE_PREFIX_HEADER = YES;
				GCC_PREFIX_HEADER = "rekola/rekola-Prefix.pch";
				INFOPLIST_FILE = "rekola/rekola-Info.plist";
				PRODUCT_NAME = "$(TARGET_NAME)";
				PROVISIONING_PROFILE = "";
				SDKROOT = iphoneos7.0;
				WRAPPER_EXTENSION = app;
			};
			name = Debug;
		};
		5E1DF8CC1907BB8100127F56 /* Release */ = {
			isa = XCBuildConfiguration;
			buildSettings = {
				ASSETCATALOG_COMPILER_APPICON_NAME = AppIcon;
				ASSETCATALOG_COMPILER_LAUNCHIMAGE_NAME = LaunchImage;
				CODE_SIGN_IDENTITY = "iPhone Developer";
				"CODE_SIGN_IDENTITY[sdk=iphoneos*]" = "iPhone Developer";
				GCC_PRECOMPILE_PREFIX_HEADER = YES;
				GCC_PREFIX_HEADER = "rekola/rekola-Prefix.pch";
				INFOPLIST_FILE = "rekola/rekola-Info.plist";
				PRODUCT_NAME = "$(TARGET_NAME)";
				PROVISIONING_PROFILE = "";
				SDKROOT = iphoneos7.0;
				WRAPPER_EXTENSION = app;
			};
			name = Release;
		};
		5E1DF8CE1907BB8100127F56 /* Debug */ = {
			isa = XCBuildConfiguration;
			buildSettings = {
				BUNDLE_LOADER = "$(BUILT_PRODUCTS_DIR)/rekola.app/rekola";
				FRAMEWORK_SEARCH_PATHS = (
					"$(SDKROOT)/Developer/Library/Frameworks",
					"$(inherited)",
					"$(DEVELOPER_FRAMEWORKS_DIR)",
				);
				GCC_PRECOMPILE_PREFIX_HEADER = YES;
				GCC_PREFIX_HEADER = "rekola/rekola-Prefix.pch";
				GCC_PREPROCESSOR_DEFINITIONS = (
					"DEBUG=1",
					"$(inherited)",
				);
				INFOPLIST_FILE = "rekolaTests/rekolaTests-Info.plist";
				PRODUCT_NAME = "$(TARGET_NAME)";
				TEST_HOST = "$(BUNDLE_LOADER)";
				WRAPPER_EXTENSION = xctest;
			};
			name = Debug;
		};
		5E1DF8CF1907BB8100127F56 /* Release */ = {
			isa = XCBuildConfiguration;
			buildSettings = {
				BUNDLE_LOADER = "$(BUILT_PRODUCTS_DIR)/rekola.app/rekola";
				FRAMEWORK_SEARCH_PATHS = (
					"$(SDKROOT)/Developer/Library/Frameworks",
					"$(inherited)",
					"$(DEVELOPER_FRAMEWORKS_DIR)",
				);
				GCC_PRECOMPILE_PREFIX_HEADER = YES;
				GCC_PREFIX_HEADER = "rekola/rekola-Prefix.pch";
				INFOPLIST_FILE = "rekolaTests/rekolaTests-Info.plist";
				PRODUCT_NAME = "$(TARGET_NAME)";
				TEST_HOST = "$(BUNDLE_LOADER)";
				WRAPPER_EXTENSION = xctest;
			};
			name = Release;
		};
		5E86CEF819090D11001C1382 /* Debug-dev */ = {
			isa = XCBuildConfiguration;
			buildSettings = {
				ALWAYS_SEARCH_USER_PATHS = NO;
				CLANG_CXX_LANGUAGE_STANDARD = "gnu++0x";
				CLANG_CXX_LIBRARY = "libc++";
				CLANG_ENABLE_MODULES = YES;
				CLANG_ENABLE_OBJC_ARC = YES;
				CLANG_WARN_BOOL_CONVERSION = YES;
				CLANG_WARN_CONSTANT_CONVERSION = YES;
				CLANG_WARN_DIRECT_OBJC_ISA_USAGE = YES_ERROR;
				CLANG_WARN_EMPTY_BODY = YES;
				CLANG_WARN_ENUM_CONVERSION = YES;
				CLANG_WARN_INT_CONVERSION = YES;
				CLANG_WARN_OBJC_ROOT_CLASS = YES_ERROR;
				CLANG_WARN__DUPLICATE_METHOD_MATCH = YES;
				"CODE_SIGN_IDENTITY[sdk=iphoneos*]" = "iPhone Developer";
				COPY_PHASE_STRIP = NO;
				GCC_C_LANGUAGE_STANDARD = gnu99;
				GCC_DYNAMIC_NO_PIC = NO;
				GCC_OPTIMIZATION_LEVEL = 0;
				GCC_PREPROCESSOR_DEFINITIONS = (
					"DEBUG=1",
					"$(inherited)",
				);
				GCC_SYMBOLS_PRIVATE_EXTERN = NO;
				GCC_WARN_64_TO_32_BIT_CONVERSION = YES;
				GCC_WARN_ABOUT_RETURN_TYPE = YES_ERROR;
				GCC_WARN_UNDECLARED_SELECTOR = YES;
				GCC_WARN_UNINITIALIZED_AUTOS = YES;
				GCC_WARN_UNUSED_FUNCTION = YES;
				GCC_WARN_UNUSED_VARIABLE = YES;
				IPHONEOS_DEPLOYMENT_TARGET = 7.0;
				ONLY_ACTIVE_ARCH = YES;
				SDKROOT = iphoneos;
			};
			name = "Debug-dev";
		};
		5E86CEF919090D11001C1382 /* Debug-dev */ = {
			isa = XCBuildConfiguration;
			buildSettings = {
				ASSETCATALOG_COMPILER_APPICON_NAME = AppIcon;
				ASSETCATALOG_COMPILER_LAUNCHIMAGE_NAME = LaunchImage;
				CODE_SIGN_IDENTITY = "iPhone Developer";
				"CODE_SIGN_IDENTITY[sdk=iphoneos*]" = "iPhone Developer";
				GCC_PRECOMPILE_PREFIX_HEADER = YES;
				GCC_PREFIX_HEADER = "rekola/rekola-Prefix.pch";
				GCC_PREPROCESSOR_DEFINITIONS = (
					"$(inherited)",
					"REKOLA_DEV=1",
				);
				INFOPLIST_FILE = "rekola/rekola-Info.plist";
				PRODUCT_NAME = "$(TARGET_NAME)";
				PROVISIONING_PROFILE = "";
				SDKROOT = iphoneos7.0;
				WRAPPER_EXTENSION = app;
			};
			name = "Debug-dev";
		};
		5E86CEFA19090D11001C1382 /* Debug-dev */ = {
			isa = XCBuildConfiguration;
			buildSettings = {
				BUNDLE_LOADER = "$(BUILT_PRODUCTS_DIR)/rekola.app/rekola";
				FRAMEWORK_SEARCH_PATHS = (
					"$(SDKROOT)/Developer/Library/Frameworks",
					"$(inherited)",
					"$(DEVELOPER_FRAMEWORKS_DIR)",
				);
				GCC_PRECOMPILE_PREFIX_HEADER = YES;
				GCC_PREFIX_HEADER = "rekola/rekola-Prefix.pch";
				GCC_PREPROCESSOR_DEFINITIONS = (
					"DEBUG=1",
					"$(inherited)",
				);
				INFOPLIST_FILE = "rekolaTests/rekolaTests-Info.plist";
				PRODUCT_NAME = "$(TARGET_NAME)";
				TEST_HOST = "$(BUNDLE_LOADER)";
				WRAPPER_EXTENSION = xctest;
			};
			name = "Debug-dev";
		};
		5E86CEFB19090D1D001C1382 /* Release-dev */ = {
			isa = XCBuildConfiguration;
			buildSettings = {
				ALWAYS_SEARCH_USER_PATHS = NO;
				CLANG_CXX_LANGUAGE_STANDARD = "gnu++0x";
				CLANG_CXX_LIBRARY = "libc++";
				CLANG_ENABLE_MODULES = YES;
				CLANG_ENABLE_OBJC_ARC = YES;
				CLANG_WARN_BOOL_CONVERSION = YES;
				CLANG_WARN_CONSTANT_CONVERSION = YES;
				CLANG_WARN_DIRECT_OBJC_ISA_USAGE = YES_ERROR;
				CLANG_WARN_EMPTY_BODY = YES;
				CLANG_WARN_ENUM_CONVERSION = YES;
				CLANG_WARN_INT_CONVERSION = YES;
				CLANG_WARN_OBJC_ROOT_CLASS = YES_ERROR;
				CLANG_WARN__DUPLICATE_METHOD_MATCH = YES;
				"CODE_SIGN_IDENTITY[sdk=iphoneos*]" = "iPhone Developer";
				COPY_PHASE_STRIP = YES;
				ENABLE_NS_ASSERTIONS = NO;
				GCC_C_LANGUAGE_STANDARD = gnu99;
				GCC_WARN_64_TO_32_BIT_CONVERSION = YES;
				GCC_WARN_ABOUT_RETURN_TYPE = YES_ERROR;
				GCC_WARN_UNDECLARED_SELECTOR = YES;
				GCC_WARN_UNINITIALIZED_AUTOS = YES;
				GCC_WARN_UNUSED_FUNCTION = YES;
				GCC_WARN_UNUSED_VARIABLE = YES;
				IPHONEOS_DEPLOYMENT_TARGET = 7.0;
				SDKROOT = iphoneos;
				VALIDATE_PRODUCT = YES;
			};
			name = "Release-dev";
		};
		5E86CEFC19090D1D001C1382 /* Release-dev */ = {
			isa = XCBuildConfiguration;
			buildSettings = {
				ASSETCATALOG_COMPILER_APPICON_NAME = AppIcon;
				ASSETCATALOG_COMPILER_LAUNCHIMAGE_NAME = LaunchImage;
				CODE_SIGN_IDENTITY = "iPhone Developer";
				"CODE_SIGN_IDENTITY[sdk=iphoneos*]" = "iPhone Developer";
				GCC_PRECOMPILE_PREFIX_HEADER = YES;
				GCC_PREFIX_HEADER = "rekola/rekola-Prefix.pch";
				GCC_PREPROCESSOR_DEFINITIONS = "REKOLA_DEV=1";
				INFOPLIST_FILE = "rekola/rekola-Info.plist";
				PRODUCT_NAME = "$(TARGET_NAME)";
				PROVISIONING_PROFILE = "";
				SDKROOT = iphoneos7.0;
				WRAPPER_EXTENSION = app;
			};
			name = "Release-dev";
		};
		5E86CEFD19090D1D001C1382 /* Release-dev */ = {
			isa = XCBuildConfiguration;
			buildSettings = {
				BUNDLE_LOADER = "$(BUILT_PRODUCTS_DIR)/rekola.app/rekola";
				FRAMEWORK_SEARCH_PATHS = (
					"$(SDKROOT)/Developer/Library/Frameworks",
					"$(inherited)",
					"$(DEVELOPER_FRAMEWORKS_DIR)",
				);
				GCC_PRECOMPILE_PREFIX_HEADER = YES;
				GCC_PREFIX_HEADER = "rekola/rekola-Prefix.pch";
				INFOPLIST_FILE = "rekolaTests/rekolaTests-Info.plist";
				PRODUCT_NAME = "$(TARGET_NAME)";
				TEST_HOST = "$(BUNDLE_LOADER)";
				WRAPPER_EXTENSION = xctest;
			};
			name = "Release-dev";
		};
/* End XCBuildConfiguration section */

/* Begin XCConfigurationList section */
		5E1DF8931907BB8100127F56 /* Build configuration list for PBXProject "rekola" */ = {
			isa = XCConfigurationList;
			buildConfigurations = (
				5E1DF8C81907BB8100127F56 /* Debug */,
				5E86CEF819090D11001C1382 /* Debug-dev */,
				5E1DF8C91907BB8100127F56 /* Release */,
				5E86CEFB19090D1D001C1382 /* Release-dev */,
			);
			defaultConfigurationIsVisible = 0;
			defaultConfigurationName = Release;
		};
		5E1DF8CA1907BB8100127F56 /* Build configuration list for PBXNativeTarget "rekola" */ = {
			isa = XCConfigurationList;
			buildConfigurations = (
				5E1DF8CB1907BB8100127F56 /* Debug */,
				5E86CEF919090D11001C1382 /* Debug-dev */,
				5E1DF8CC1907BB8100127F56 /* Release */,
				5E86CEFC19090D1D001C1382 /* Release-dev */,
			);
			defaultConfigurationIsVisible = 0;
			defaultConfigurationName = Release;
		};
		5E1DF8CD1907BB8100127F56 /* Build configuration list for PBXNativeTarget "rekolaTests" */ = {
			isa = XCConfigurationList;
			buildConfigurations = (
				5E1DF8CE1907BB8100127F56 /* Debug */,
				5E86CEFA19090D11001C1382 /* Debug-dev */,
				5E1DF8CF1907BB8100127F56 /* Release */,
				5E86CEFD19090D1D001C1382 /* Release-dev */,
			);
			defaultConfigurationIsVisible = 0;
			defaultConfigurationName = Release;
		};
/* End XCConfigurationList section */
	};
	rootObject = 5E1DF8901907BB8100127F56 /* Project object */;
}
