// !$*UTF8*$!
{
	archiveVersion = 1;
	classes = {
	};
	objectVersion = 46;
	objects = {

/* Begin PBXBuildFile section */
		5E1DF89C1907BB8100127F56 /* Foundation.framework in Frameworks */ = {isa = PBXBuildFile; fileRef = 5E1DF89B1907BB8100127F56 /* Foundation.framework */; };
		5E1DF89E1907BB8100127F56 /* CoreGraphics.framework in Frameworks */ = {isa = PBXBuildFile; fileRef = 5E1DF89D1907BB8100127F56 /* CoreGraphics.framework */; };
		5E1DF8A01907BB8100127F56 /* UIKit.framework in Frameworks */ = {isa = PBXBuildFile; fileRef = 5E1DF89F1907BB8100127F56 /* UIKit.framework */; };
		5E1DF8A61907BB8100127F56 /* InfoPlist.strings in Resources */ = {isa = PBXBuildFile; fileRef = 5E1DF8A41907BB8100127F56 /* InfoPlist.strings */; };
		5E1DF8A81907BB8100127F56 /* main.m in Sources */ = {isa = PBXBuildFile; fileRef = 5E1DF8A71907BB8100127F56 /* main.m */; };
		5E1DF8AC1907BB8100127F56 /* AppDelegate.m in Sources */ = {isa = PBXBuildFile; fileRef = 5E1DF8AB1907BB8100127F56 /* AppDelegate.m */; };
		5E1DF8AF1907BB8100127F56 /* Main.storyboard in Resources */ = {isa = PBXBuildFile; fileRef = 5E1DF8AD1907BB8100127F56 /* Main.storyboard */; };
		5E1DF8B21907BB8100127F56 /* ViewController.m in Sources */ = {isa = PBXBuildFile; fileRef = 5E1DF8B11907BB8100127F56 /* ViewController.m */; };
		5E1DF8B41907BB8100127F56 /* Images.xcassets in Resources */ = {isa = PBXBuildFile; fileRef = 5E1DF8B31907BB8100127F56 /* Images.xcassets */; };
		5E1DF8BB1907BB8100127F56 /* XCTest.framework in Frameworks */ = {isa = PBXBuildFile; fileRef = 5E1DF8BA1907BB8100127F56 /* XCTest.framework */; };
		5E1DF8BC1907BB8100127F56 /* Foundation.framework in Frameworks */ = {isa = PBXBuildFile; fileRef = 5E1DF89B1907BB8100127F56 /* Foundation.framework */; };
		5E1DF8BD1907BB8100127F56 /* UIKit.framework in Frameworks */ = {isa = PBXBuildFile; fileRef = 5E1DF89F1907BB8100127F56 /* UIKit.framework */; };
		5E1DF8C51907BB8100127F56 /* InfoPlist.strings in Resources */ = {isa = PBXBuildFile; fileRef = 5E1DF8C31907BB8100127F56 /* InfoPlist.strings */; };
		5E1DF8C71907BB8100127F56 /* rekolaTests.m in Sources */ = {isa = PBXBuildFile; fileRef = 5E1DF8C61907BB8100127F56 /* rekolaTests.m */; };
		5E1DF8E81907BE4700127F56 /* AFHTTPRequestOperation.m in Sources */ = {isa = PBXBuildFile; fileRef = 5E1DF8D61907BE4700127F56 /* AFHTTPRequestOperation.m */; };
		5E1DF8E91907BE4700127F56 /* AFHTTPRequestOperationManager.m in Sources */ = {isa = PBXBuildFile; fileRef = 5E1DF8D81907BE4700127F56 /* AFHTTPRequestOperationManager.m */; };
		5E1DF8EA1907BE4700127F56 /* AFHTTPSessionManager.m in Sources */ = {isa = PBXBuildFile; fileRef = 5E1DF8DA1907BE4700127F56 /* AFHTTPSessionManager.m */; };
		5E1DF8EB1907BE4700127F56 /* AFNetworkReachabilityManager.m in Sources */ = {isa = PBXBuildFile; fileRef = 5E1DF8DD1907BE4700127F56 /* AFNetworkReachabilityManager.m */; };
		5E1DF8EC1907BE4700127F56 /* AFSecurityPolicy.m in Sources */ = {isa = PBXBuildFile; fileRef = 5E1DF8DF1907BE4700127F56 /* AFSecurityPolicy.m */; };
		5E1DF8ED1907BE4700127F56 /* AFURLConnectionOperation.m in Sources */ = {isa = PBXBuildFile; fileRef = 5E1DF8E11907BE4700127F56 /* AFURLConnectionOperation.m */; };
		5E1DF8EE1907BE4700127F56 /* AFURLRequestSerialization.m in Sources */ = {isa = PBXBuildFile; fileRef = 5E1DF8E31907BE4700127F56 /* AFURLRequestSerialization.m */; };
		5E1DF8EF1907BE4700127F56 /* AFURLResponseSerialization.m in Sources */ = {isa = PBXBuildFile; fileRef = 5E1DF8E51907BE4700127F56 /* AFURLResponseSerialization.m */; };
		5E1DF8F01907BE4700127F56 /* AFURLSessionManager.m in Sources */ = {isa = PBXBuildFile; fileRef = 5E1DF8E71907BE4700127F56 /* AFURLSessionManager.m */; };
		5E1DF8FA1907BF7700127F56 /* BaseViewController.m in Sources */ = {isa = PBXBuildFile; fileRef = 5E1DF8F91907BF7700127F56 /* BaseViewController.m */; };
		5E1DF8FD1907BF9700127F56 /* BaseCell.m in Sources */ = {isa = PBXBuildFile; fileRef = 5E1DF8FC1907BF9700127F56 /* BaseCell.m */; };
/* End PBXBuildFile section */

/* Begin PBXContainerItemProxy section */
		5E1DF8BE1907BB8100127F56 /* PBXContainerItemProxy */ = {
			isa = PBXContainerItemProxy;
			containerPortal = 5E1DF8901907BB8100127F56 /* Project object */;
			proxyType = 1;
			remoteGlobalIDString = 5E1DF8971907BB8100127F56;
			remoteInfo = rekola;
		};
/* End PBXContainerItemProxy section */

/* Begin PBXFileReference section */
		5E1DF8981907BB8100127F56 /* rekola.app */ = {isa = PBXFileReference; explicitFileType = wrapper.application; includeInIndex = 0; path = rekola.app; sourceTree = BUILT_PRODUCTS_DIR; };
		5E1DF89B1907BB8100127F56 /* Foundation.framework */ = {isa = PBXFileReference; lastKnownFileType = wrapper.framework; name = Foundation.framework; path = System/Library/Frameworks/Foundation.framework; sourceTree = SDKROOT; };
		5E1DF89D1907BB8100127F56 /* CoreGraphics.framework */ = {isa = PBXFileReference; lastKnownFileType = wrapper.framework; name = CoreGraphics.framework; path = System/Library/Frameworks/CoreGraphics.framework; sourceTree = SDKROOT; };
		5E1DF89F1907BB8100127F56 /* UIKit.framework */ = {isa = PBXFileReference; lastKnownFileType = wrapper.framework; name = UIKit.framework; path = System/Library/Frameworks/UIKit.framework; sourceTree = SDKROOT; };
		5E1DF8A31907BB8100127F56 /* rekola-Info.plist */ = {isa = PBXFileReference; lastKnownFileType = text.plist.xml; path = "rekola-Info.plist"; sourceTree = "<group>"; };
		5E1DF8A51907BB8100127F56 /* en */ = {isa = PBXFileReference; lastKnownFileType = text.plist.strings; name = en; path = en.lproj/InfoPlist.strings; sourceTree = "<group>"; };
		5E1DF8A71907BB8100127F56 /* main.m */ = {isa = PBXFileReference; lastKnownFileType = sourcecode.c.objc; path = main.m; sourceTree = "<group>"; };
		5E1DF8A91907BB8100127F56 /* rekola-Prefix.pch */ = {isa = PBXFileReference; lastKnownFileType = sourcecode.c.h; path = "rekola-Prefix.pch"; sourceTree = "<group>"; };
		5E1DF8AA1907BB8100127F56 /* AppDelegate.h */ = {isa = PBXFileReference; lastKnownFileType = sourcecode.c.h; path = AppDelegate.h; sourceTree = "<group>"; };
		5E1DF8AB1907BB8100127F56 /* AppDelegate.m */ = {isa = PBXFileReference; lastKnownFileType = sourcecode.c.objc; path = AppDelegate.m; sourceTree = "<group>"; };
		5E1DF8AE1907BB8100127F56 /* Base */ = {isa = PBXFileReference; lastKnownFileType = file.storyboard; name = Base; path = Base.lproj/Main.storyboard; sourceTree = "<group>"; };
		5E1DF8B01907BB8100127F56 /* ViewController.h */ = {isa = PBXFileReference; lastKnownFileType = sourcecode.c.h; path = ViewController.h; sourceTree = "<group>"; };
		5E1DF8B11907BB8100127F56 /* ViewController.m */ = {isa = PBXFileReference; lastKnownFileType = sourcecode.c.objc; path = ViewController.m; sourceTree = "<group>"; };
		5E1DF8B31907BB8100127F56 /* Images.xcassets */ = {isa = PBXFileReference; lastKnownFileType = folder.assetcatalog; path = Images.xcassets; sourceTree = "<group>"; };
		5E1DF8B91907BB8100127F56 /* rekolaTests.xctest */ = {isa = PBXFileReference; explicitFileType = wrapper.cfbundle; includeInIndex = 0; path = rekolaTests.xctest; sourceTree = BUILT_PRODUCTS_DIR; };
		5E1DF8BA1907BB8100127F56 /* XCTest.framework */ = {isa = PBXFileReference; lastKnownFileType = wrapper.framework; name = XCTest.framework; path = Library/Frameworks/XCTest.framework; sourceTree = DEVELOPER_DIR; };
		5E1DF8C21907BB8100127F56 /* rekolaTests-Info.plist */ = {isa = PBXFileReference; lastKnownFileType = text.plist.xml; path = "rekolaTests-Info.plist"; sourceTree = "<group>"; };
		5E1DF8C41907BB8100127F56 /* en */ = {isa = PBXFileReference; lastKnownFileType = text.plist.strings; name = en; path = en.lproj/InfoPlist.strings; sourceTree = "<group>"; };
		5E1DF8C61907BB8100127F56 /* rekolaTests.m */ = {isa = PBXFileReference; lastKnownFileType = sourcecode.c.objc; path = rekolaTests.m; sourceTree = "<group>"; };
		5E1DF8D51907BE4700127F56 /* AFHTTPRequestOperation.h */ = {isa = PBXFileReference; fileEncoding = 4; lastKnownFileType = sourcecode.c.h; path = AFHTTPRequestOperation.h; sourceTree = "<group>"; };
		5E1DF8D61907BE4700127F56 /* AFHTTPRequestOperation.m */ = {isa = PBXFileReference; fileEncoding = 4; lastKnownFileType = sourcecode.c.objc; path = AFHTTPRequestOperation.m; sourceTree = "<group>"; };
		5E1DF8D71907BE4700127F56 /* AFHTTPRequestOperationManager.h */ = {isa = PBXFileReference; fileEncoding = 4; lastKnownFileType = sourcecode.c.h; path = AFHTTPRequestOperationManager.h; sourceTree = "<group>"; };
		5E1DF8D81907BE4700127F56 /* AFHTTPRequestOperationManager.m */ = {isa = PBXFileReference; fileEncoding = 4; lastKnownFileType = sourcecode.c.objc; path = AFHTTPRequestOperationManager.m; sourceTree = "<group>"; };
		5E1DF8D91907BE4700127F56 /* AFHTTPSessionManager.h */ = {isa = PBXFileReference; fileEncoding = 4; lastKnownFileType = sourcecode.c.h; path = AFHTTPSessionManager.h; sourceTree = "<group>"; };
		5E1DF8DA1907BE4700127F56 /* AFHTTPSessionManager.m */ = {isa = PBXFileReference; fileEncoding = 4; lastKnownFileType = sourcecode.c.objc; path = AFHTTPSessionManager.m; sourceTree = "<group>"; };
		5E1DF8DB1907BE4700127F56 /* AFNetworking.h */ = {isa = PBXFileReference; fileEncoding = 4; lastKnownFileType = sourcecode.c.h; path = AFNetworking.h; sourceTree = "<group>"; };
		5E1DF8DC1907BE4700127F56 /* AFNetworkReachabilityManager.h */ = {isa = PBXFileReference; fileEncoding = 4; lastKnownFileType = sourcecode.c.h; path = AFNetworkReachabilityManager.h; sourceTree = "<group>"; };
		5E1DF8DD1907BE4700127F56 /* AFNetworkReachabilityManager.m */ = {isa = PBXFileReference; fileEncoding = 4; lastKnownFileType = sourcecode.c.objc; path = AFNetworkReachabilityManager.m; sourceTree = "<group>"; };
		5E1DF8DE1907BE4700127F56 /* AFSecurityPolicy.h */ = {isa = PBXFileReference; fileEncoding = 4; lastKnownFileType = sourcecode.c.h; path = AFSecurityPolicy.h; sourceTree = "<group>"; };
		5E1DF8DF1907BE4700127F56 /* AFSecurityPolicy.m */ = {isa = PBXFileReference; fileEncoding = 4; lastKnownFileType = sourcecode.c.objc; path = AFSecurityPolicy.m; sourceTree = "<group>"; };
		5E1DF8E01907BE4700127F56 /* AFURLConnectionOperation.h */ = {isa = PBXFileReference; fileEncoding = 4; lastKnownFileType = sourcecode.c.h; path = AFURLConnectionOperation.h; sourceTree = "<group>"; };
		5E1DF8E11907BE4700127F56 /* AFURLConnectionOperation.m */ = {isa = PBXFileReference; fileEncoding = 4; lastKnownFileType = sourcecode.c.objc; path = AFURLConnectionOperation.m; sourceTree = "<group>"; };
		5E1DF8E21907BE4700127F56 /* AFURLRequestSerialization.h */ = {isa = PBXFileReference; fileEncoding = 4; lastKnownFileType = sourcecode.c.h; path = AFURLRequestSerialization.h; sourceTree = "<group>"; };
		5E1DF8E31907BE4700127F56 /* AFURLRequestSerialization.m */ = {isa = PBXFileReference; fileEncoding = 4; lastKnownFileType = sourcecode.c.objc; path = AFURLRequestSerialization.m; sourceTree = "<group>"; };
		5E1DF8E41907BE4700127F56 /* AFURLResponseSerialization.h */ = {isa = PBXFileReference; fileEncoding = 4; lastKnownFileType = sourcecode.c.h; path = AFURLResponseSerialization.h; sourceTree = "<group>"; };
		5E1DF8E51907BE4700127F56 /* AFURLResponseSerialization.m */ = {isa = PBXFileReference; fileEncoding = 4; lastKnownFileType = sourcecode.c.objc; path = AFURLResponseSerialization.m; sourceTree = "<group>"; };
		5E1DF8E61907BE4700127F56 /* AFURLSessionManager.h */ = {isa = PBXFileReference; fileEncoding = 4; lastKnownFileType = sourcecode.c.h; path = AFURLSessionManager.h; sourceTree = "<group>"; };
		5E1DF8E71907BE4700127F56 /* AFURLSessionManager.m */ = {isa = PBXFileReference; fileEncoding = 4; lastKnownFileType = sourcecode.c.objc; path = AFURLSessionManager.m; sourceTree = "<group>"; };
		5E1DF8F81907BF7700127F56 /* BaseViewController.h */ = {isa = PBXFileReference; fileEncoding = 4; lastKnownFileType = sourcecode.c.h; name = BaseViewController.h; path = rekola/BaseViewController.h; sourceTree = "<group>"; };
		5E1DF8F91907BF7700127F56 /* BaseViewController.m */ = {isa = PBXFileReference; fileEncoding = 4; lastKnownFileType = sourcecode.c.objc; name = BaseViewController.m; path = rekola/BaseViewController.m; sourceTree = "<group>"; };
		5E1DF8FB1907BF9700127F56 /* BaseCell.h */ = {isa = PBXFileReference; fileEncoding = 4; lastKnownFileType = sourcecode.c.h; name = BaseCell.h; path = rekola/BaseCell.h; sourceTree = "<group>"; };
		5E1DF8FC1907BF9700127F56 /* BaseCell.m */ = {isa = PBXFileReference; fileEncoding = 4; lastKnownFileType = sourcecode.c.objc; name = BaseCell.m; path = rekola/BaseCell.m; sourceTree = "<group>"; };
/* End PBXFileReference section */

/* Begin PBXFrameworksBuildPhase section */
		5E1DF8951907BB8100127F56 /* Frameworks */ = {
			isa = PBXFrameworksBuildPhase;
			buildActionMask = 2147483647;
			files = (
				5E1DF89E1907BB8100127F56 /* CoreGraphics.framework in Frameworks */,
				5E1DF8A01907BB8100127F56 /* UIKit.framework in Frameworks */,
				5E1DF89C1907BB8100127F56 /* Foundation.framework in Frameworks */,
			);
			runOnlyForDeploymentPostprocessing = 0;
		};
		5E1DF8B61907BB8100127F56 /* Frameworks */ = {
			isa = PBXFrameworksBuildPhase;
			buildActionMask = 2147483647;
			files = (
				5E1DF8BB1907BB8100127F56 /* XCTest.framework in Frameworks */,
				5E1DF8BD1907BB8100127F56 /* UIKit.framework in Frameworks */,
				5E1DF8BC1907BB8100127F56 /* Foundation.framework in Frameworks */,
			);
			runOnlyForDeploymentPostprocessing = 0;
		};
/* End PBXFrameworksBuildPhase section */

/* Begin PBXGroup section */
		5E1DF88F1907BB8100127F56 = {
			isa = PBXGroup;
			children = (
				5E1DF8F11907BF0800127F56 /* Additions */,
				5E1DF8F21907BF0F00127F56 /* Cells */,
				5E1DF8F31907BF1400127F56 /* Components */,
				5E1DF8F51907BF2B00127F56 /* Model */,
				5E1DF8F41907BF2100127F56 /* Managers */,
				5E1DF8F61907BF3500127F56 /* View Controllers (General) */,
				5E1DF8F71907BF3E00127F56 /* View Controllers (Custom) */,
				5E1DF8A11907BB8100127F56 /* rekola */,
				5E1DF8C01907BB8100127F56 /* rekolaTests */,
				5E1DF8D11907BE1600127F56 /* Resources */,
				5E1DF8D01907BDFA00127F56 /* Libraries */,
				5E1DF89A1907BB8100127F56 /* Frameworks */,
				5E1DF8991907BB8100127F56 /* Products */,
			);
			sourceTree = "<group>";
		};
		5E1DF8991907BB8100127F56 /* Products */ = {
			isa = PBXGroup;
			children = (
				5E1DF8981907BB8100127F56 /* rekola.app */,
				5E1DF8B91907BB8100127F56 /* rekolaTests.xctest */,
			);
			name = Products;
			sourceTree = "<group>";
		};
		5E1DF89A1907BB8100127F56 /* Frameworks */ = {
			isa = PBXGroup;
			children = (
				5E1DF89B1907BB8100127F56 /* Foundation.framework */,
				5E1DF89D1907BB8100127F56 /* CoreGraphics.framework */,
				5E1DF89F1907BB8100127F56 /* UIKit.framework */,
				5E1DF8BA1907BB8100127F56 /* XCTest.framework */,
			);
			name = Frameworks;
			sourceTree = "<group>";
		};
		5E1DF8A11907BB8100127F56 /* rekola */ = {
			isa = PBXGroup;
			children = (
				5E1DF8AA1907BB8100127F56 /* AppDelegate.h */,
				5E1DF8AB1907BB8100127F56 /* AppDelegate.m */,
				5E1DF8AD1907BB8100127F56 /* Main.storyboard */,
				5E1DF8B01907BB8100127F56 /* ViewController.h */,
				5E1DF8B11907BB8100127F56 /* ViewController.m */,
				5E1DF8B31907BB8100127F56 /* Images.xcassets */,
				5E1DF8A21907BB8100127F56 /* Supporting Files */,
			);
			path = rekola;
			sourceTree = "<group>";
		};
		5E1DF8A21907BB8100127F56 /* Supporting Files */ = {
			isa = PBXGroup;
			children = (
				5E1DF8A31907BB8100127F56 /* rekola-Info.plist */,
				5E1DF8A41907BB8100127F56 /* InfoPlist.strings */,
				5E1DF8A71907BB8100127F56 /* main.m */,
				5E1DF8A91907BB8100127F56 /* rekola-Prefix.pch */,
			);
			name = "Supporting Files";
			sourceTree = "<group>";
		};
		5E1DF8C01907BB8100127F56 /* rekolaTests */ = {
			isa = PBXGroup;
			children = (
				5E1DF8C61907BB8100127F56 /* rekolaTests.m */,
				5E1DF8C11907BB8100127F56 /* Supporting Files */,
			);
			path = rekolaTests;
			sourceTree = "<group>";
		};
		5E1DF8C11907BB8100127F56 /* Supporting Files */ = {
			isa = PBXGroup;
			children = (
				5E1DF8C21907BB8100127F56 /* rekolaTests-Info.plist */,
				5E1DF8C31907BB8100127F56 /* InfoPlist.strings */,
			);
			name = "Supporting Files";
			sourceTree = "<group>";
		};
		5E1DF8D01907BDFA00127F56 /* Libraries */ = {
			isa = PBXGroup;
			children = (
				5E1DF8D41907BE4700127F56 /* AFNetworking */,
			);
			name = Libraries;
			sourceTree = "<group>";
		};
		5E1DF8D11907BE1600127F56 /* Resources */ = {
			isa = PBXGroup;
			children = (
				5E1DF8D31907BE3200127F56 /* images */,
			);
			name = Resources;
			sourceTree = "<group>";
		};
		5E1DF8D31907BE3200127F56 /* images */ = {
			isa = PBXGroup;
			children = (
			);
			name = images;
			path = resources/images;
			sourceTree = "<group>";
		};
		5E1DF8D41907BE4700127F56 /* AFNetworking */ = {
			isa = PBXGroup;
			children = (
				5E1DF8D51907BE4700127F56 /* AFHTTPRequestOperation.h */,
				5E1DF8D61907BE4700127F56 /* AFHTTPRequestOperation.m */,
				5E1DF8D71907BE4700127F56 /* AFHTTPRequestOperationManager.h */,
				5E1DF8D81907BE4700127F56 /* AFHTTPRequestOperationManager.m */,
				5E1DF8D91907BE4700127F56 /* AFHTTPSessionManager.h */,
				5E1DF8DA1907BE4700127F56 /* AFHTTPSessionManager.m */,
				5E1DF8DB1907BE4700127F56 /* AFNetworking.h */,
				5E1DF8DC1907BE4700127F56 /* AFNetworkReachabilityManager.h */,
				5E1DF8DD1907BE4700127F56 /* AFNetworkReachabilityManager.m */,
				5E1DF8DE1907BE4700127F56 /* AFSecurityPolicy.h */,
				5E1DF8DF1907BE4700127F56 /* AFSecurityPolicy.m */,
				5E1DF8E01907BE4700127F56 /* AFURLConnectionOperation.h */,
				5E1DF8E11907BE4700127F56 /* AFURLConnectionOperation.m */,
				5E1DF8E21907BE4700127F56 /* AFURLRequestSerialization.h */,
				5E1DF8E31907BE4700127F56 /* AFURLRequestSerialization.m */,
				5E1DF8E41907BE4700127F56 /* AFURLResponseSerialization.h */,
				5E1DF8E51907BE4700127F56 /* AFURLResponseSerialization.m */,
				5E1DF8E61907BE4700127F56 /* AFURLSessionManager.h */,
				5E1DF8E71907BE4700127F56 /* AFURLSessionManager.m */,
			);
			name = AFNetworking;
			path = libraries/AFNetworking/AFNetworking;
			sourceTree = "<group>";
		};
		5E1DF8F11907BF0800127F56 /* Additions */ = {
			isa = PBXGroup;
			children = (
			);
			name = Additions;
			sourceTree = "<group>";
		};
		5E1DF8F21907BF0F00127F56 /* Cells */ = {
			isa = PBXGroup;
			children = (
				5E1DF8FB1907BF9700127F56 /* BaseCell.h */,
				5E1DF8FC1907BF9700127F56 /* BaseCell.m */,
			);
			name = Cells;
			sourceTree = "<group>";
		};
		5E1DF8F31907BF1400127F56 /* Components */ = {
			isa = PBXGroup;
			children = (
			);
			name = Components;
			sourceTree = "<group>";
		};
		5E1DF8F41907BF2100127F56 /* Managers */ = {
			isa = PBXGroup;
			children = (
			);
			name = Managers;
			sourceTree = "<group>";
		};
		5E1DF8F51907BF2B00127F56 /* Model */ = {
			isa = PBXGroup;
			children = (
			);
			name = Model;
			sourceTree = "<group>";
		};
		5E1DF8F61907BF3500127F56 /* View Controllers (General) */ = {
			isa = PBXGroup;
			children = (
				5E1DF8F81907BF7700127F56 /* BaseViewController.h */,
				5E1DF8F91907BF7700127F56 /* BaseViewController.m */,
			);
			name = "View Controllers (General)";
			sourceTree = "<group>";
		};
		5E1DF8F71907BF3E00127F56 /* View Controllers (Custom) */ = {
			isa = PBXGroup;
			children = (
			);
			name = "View Controllers (Custom)";
			sourceTree = "<group>";
		};
/* End PBXGroup section */

/* Begin PBXNativeTarget section */
		5E1DF8971907BB8100127F56 /* rekola */ = {
			isa = PBXNativeTarget;
			buildConfigurationList = 5E1DF8CA1907BB8100127F56 /* Build configuration list for PBXNativeTarget "rekola" */;
			buildPhases = (
				5E1DF8941907BB8100127F56 /* Sources */,
				5E1DF8951907BB8100127F56 /* Frameworks */,
				5E1DF8961907BB8100127F56 /* Resources */,
			);
			buildRules = (
			);
			dependencies = (
			);
			name = rekola;
			productName = rekola;
			productReference = 5E1DF8981907BB8100127F56 /* rekola.app */;
			productType = "com.apple.product-type.application";
		};
		5E1DF8B81907BB8100127F56 /* rekolaTests */ = {
			isa = PBXNativeTarget;
			buildConfigurationList = 5E1DF8CD1907BB8100127F56 /* Build configuration list for PBXNativeTarget "rekolaTests" */;
			buildPhases = (
				5E1DF8B51907BB8100127F56 /* Sources */,
				5E1DF8B61907BB8100127F56 /* Frameworks */,
				5E1DF8B71907BB8100127F56 /* Resources */,
			);
			buildRules = (
			);
			dependencies = (
				5E1DF8BF1907BB8100127F56 /* PBXTargetDependency */,
			);
			name = rekolaTests;
			productName = rekolaTests;
			productReference = 5E1DF8B91907BB8100127F56 /* rekolaTests.xctest */;
			productType = "com.apple.product-type.bundle.unit-test";
		};
/* End PBXNativeTarget section */

/* Begin PBXProject section */
		5E1DF8901907BB8100127F56 /* Project object */ = {
			isa = PBXProject;
			attributes = {
				LastUpgradeCheck = 0500;
				ORGANIZATIONNAME = "Martin Banas";
				TargetAttributes = {
					5E1DF8971907BB8100127F56 = {
						DevelopmentTeam = 9L3K6GLV7S;
					};
					5E1DF8B81907BB8100127F56 = {
						TestTargetID = 5E1DF8971907BB8100127F56;
					};
				};
			};
			buildConfigurationList = 5E1DF8931907BB8100127F56 /* Build configuration list for PBXProject "rekola" */;
			compatibilityVersion = "Xcode 3.2";
			developmentRegion = English;
			hasScannedForEncodings = 0;
			knownRegions = (
				en,
				Base,
			);
			mainGroup = 5E1DF88F1907BB8100127F56;
			productRefGroup = 5E1DF8991907BB8100127F56 /* Products */;
			projectDirPath = "";
			projectRoot = "";
			targets = (
				5E1DF8971907BB8100127F56 /* rekola */,
				5E1DF8B81907BB8100127F56 /* rekolaTests */,
			);
		};
/* End PBXProject section */

/* Begin PBXResourcesBuildPhase section */
		5E1DF8961907BB8100127F56 /* Resources */ = {
			isa = PBXResourcesBuildPhase;
			buildActionMask = 2147483647;
			files = (
				5E1DF8B41907BB8100127F56 /* Images.xcassets in Resources */,
				5E1DF8A61907BB8100127F56 /* InfoPlist.strings in Resources */,
				5E1DF8AF1907BB8100127F56 /* Main.storyboard in Resources */,
			);
			runOnlyForDeploymentPostprocessing = 0;
		};
		5E1DF8B71907BB8100127F56 /* Resources */ = {
			isa = PBXResourcesBuildPhase;
			buildActionMask = 2147483647;
			files = (
				5E1DF8C51907BB8100127F56 /* InfoPlist.strings in Resources */,
			);
			runOnlyForDeploymentPostprocessing = 0;
		};
/* End PBXResourcesBuildPhase section */

/* Begin PBXSourcesBuildPhase section */
		5E1DF8941907BB8100127F56 /* Sources */ = {
			isa = PBXSourcesBuildPhase;
			buildActionMask = 2147483647;
			files = (
				5E1DF8E81907BE4700127F56 /* AFHTTPRequestOperation.m in Sources */,
				5E1DF8B21907BB8100127F56 /* ViewController.m in Sources */,
				5E1DF8E91907BE4700127F56 /* AFHTTPRequestOperationManager.m in Sources */,
				5E1DF8EB1907BE4700127F56 /* AFNetworkReachabilityManager.m in Sources */,
				5E1DF8FD1907BF9700127F56 /* BaseCell.m in Sources */,
				5E1DF8EF1907BE4700127F56 /* AFURLResponseSerialization.m in Sources */,
				5E1DF8ED1907BE4700127F56 /* AFURLConnectionOperation.m in Sources */,
				5E1DF8EC1907BE4700127F56 /* AFSecurityPolicy.m in Sources */,
				5E1DF8EA1907BE4700127F56 /* AFHTTPSessionManager.m in Sources */,
				5E1DF8EE1907BE4700127F56 /* AFURLRequestSerialization.m in Sources */,
				5E1DF8FA1907BF7700127F56 /* BaseViewController.m in Sources */,
				5E1DF8F01907BE4700127F56 /* AFURLSessionManager.m in Sources */,
				5E1DF8AC1907BB8100127F56 /* AppDelegate.m in Sources */,
				5E1DF8A81907BB8100127F56 /* main.m in Sources */,
			);
			runOnlyForDeploymentPostprocessing = 0;
		};
		5E1DF8B51907BB8100127F56 /* Sources */ = {
			isa = PBXSourcesBuildPhase;
			buildActionMask = 2147483647;
			files = (
				5E1DF8C71907BB8100127F56 /* rekolaTests.m in Sources */,
			);
			runOnlyForDeploymentPostprocessing = 0;
		};
/* End PBXSourcesBuildPhase section */

/* Begin PBXTargetDependency section */
		5E1DF8BF1907BB8100127F56 /* PBXTargetDependency */ = {
			isa = PBXTargetDependency;
			target = 5E1DF8971907BB8100127F56 /* rekola */;
			targetProxy = 5E1DF8BE1907BB8100127F56 /* PBXContainerItemProxy */;
		};
/* End PBXTargetDependency section */

/* Begin PBXVariantGroup section */
		5E1DF8A41907BB8100127F56 /* InfoPlist.strings */ = {
			isa = PBXVariantGroup;
			children = (
				5E1DF8A51907BB8100127F56 /* en */,
			);
			name = InfoPlist.strings;
			sourceTree = "<group>";
		};
		5E1DF8AD1907BB8100127F56 /* Main.storyboard */ = {
			isa = PBXVariantGroup;
			children = (
				5E1DF8AE1907BB8100127F56 /* Base */,
			);
			name = Main.storyboard;
			sourceTree = "<group>";
		};
		5E1DF8C31907BB8100127F56 /* InfoPlist.strings */ = {
			isa = PBXVariantGroup;
			children = (
				5E1DF8C41907BB8100127F56 /* en */,
			);
			name = InfoPlist.strings;
			sourceTree = "<group>";
		};
/* End PBXVariantGroup section */

/* Begin XCBuildConfiguration section */
		5E1DF8C81907BB8100127F56 /* Debug */ = {
			isa = XCBuildConfiguration;
			buildSettings = {
				ALWAYS_SEARCH_USER_PATHS = NO;
				ARCHS = "$(ARCHS_STANDARD_INCLUDING_64_BIT)";
				CLANG_CXX_LANGUAGE_STANDARD = "gnu++0x";
				CLANG_CXX_LIBRARY = "libc++";
				CLANG_ENABLE_MODULES = YES;
				CLANG_ENABLE_OBJC_ARC = YES;
				CLANG_WARN_BOOL_CONVERSION = YES;
				CLANG_WARN_CONSTANT_CONVERSION = YES;
				CLANG_WARN_DIRECT_OBJC_ISA_USAGE = YES_ERROR;
				CLANG_WARN_EMPTY_BODY = YES;
				CLANG_WARN_ENUM_CONVERSION = YES;
				CLANG_WARN_INT_CONVERSION = YES;
				CLANG_WARN_OBJC_ROOT_CLASS = YES_ERROR;
				CLANG_WARN__DUPLICATE_METHOD_MATCH = YES;
				"CODE_SIGN_IDENTITY[sdk=iphoneos*]" = "iPhone Developer";
				COPY_PHASE_STRIP = NO;
				GCC_C_LANGUAGE_STANDARD = gnu99;
				GCC_DYNAMIC_NO_PIC = NO;
				GCC_OPTIMIZATION_LEVEL = 0;
				GCC_PREPROCESSOR_DEFINITIONS = (
					"DEBUG=1",
					"$(inherited)",
				);
				GCC_SYMBOLS_PRIVATE_EXTERN = NO;
				GCC_WARN_64_TO_32_BIT_CONVERSION = YES;
				GCC_WARN_ABOUT_RETURN_TYPE = YES_ERROR;
				GCC_WARN_UNDECLARED_SELECTOR = YES;
				GCC_WARN_UNINITIALIZED_AUTOS = YES;
				GCC_WARN_UNUSED_FUNCTION = YES;
				GCC_WARN_UNUSED_VARIABLE = YES;
				IPHONEOS_DEPLOYMENT_TARGET = 7.0;
				ONLY_ACTIVE_ARCH = YES;
				SDKROOT = iphoneos;
			};
			name = Debug;
		};
		5E1DF8C91907BB8100127F56 /* Release */ = {
			isa = XCBuildConfiguration;
			buildSettings = {
				ALWAYS_SEARCH_USER_PATHS = NO;
				ARCHS = "$(ARCHS_STANDARD_INCLUDING_64_BIT)";
				CLANG_CXX_LANGUAGE_STANDARD = "gnu++0x";
				CLANG_CXX_LIBRARY = "libc++";
				CLANG_ENABLE_MODULES = YES;
				CLANG_ENABLE_OBJC_ARC = YES;
				CLANG_WARN_BOOL_CONVERSION = YES;
				CLANG_WARN_CONSTANT_CONVERSION = YES;
				CLANG_WARN_DIRECT_OBJC_ISA_USAGE = YES_ERROR;
				CLANG_WARN_EMPTY_BODY = YES;
				CLANG_WARN_ENUM_CONVERSION = YES;
				CLANG_WARN_INT_CONVERSION = YES;
				CLANG_WARN_OBJC_ROOT_CLASS = YES_ERROR;
				CLANG_WARN__DUPLICATE_METHOD_MATCH = YES;
				"CODE_SIGN_IDENTITY[sdk=iphoneos*]" = "iPhone Developer";
				COPY_PHASE_STRIP = YES;
				ENABLE_NS_ASSERTIONS = NO;
				GCC_C_LANGUAGE_STANDARD = gnu99;
				GCC_WARN_64_TO_32_BIT_CONVERSION = YES;
				GCC_WARN_ABOUT_RETURN_TYPE = YES_ERROR;
				GCC_WARN_UNDECLARED_SELECTOR = YES;
				GCC_WARN_UNINITIALIZED_AUTOS = YES;
				GCC_WARN_UNUSED_FUNCTION = YES;
				GCC_WARN_UNUSED_VARIABLE = YES;
				IPHONEOS_DEPLOYMENT_TARGET = 7.0;
				SDKROOT = iphoneos;
				VALIDATE_PRODUCT = YES;
			};
			name = Release;
		};
		5E1DF8CB1907BB8100127F56 /* Debug */ = {
			isa = XCBuildConfiguration;
			buildSettings = {
				ASSETCATALOG_COMPILER_APPICON_NAME = AppIcon;
				ASSETCATALOG_COMPILER_LAUNCHIMAGE_NAME = LaunchImage;
				CODE_SIGN_IDENTITY = "iPhone Developer";
				"CODE_SIGN_IDENTITY[sdk=iphoneos*]" = "iPhone Developer";
				GCC_PRECOMPILE_PREFIX_HEADER = YES;
				GCC_PREFIX_HEADER = "rekola/rekola-Prefix.pch";
				INFOPLIST_FILE = "rekola/rekola-Info.plist";
				PRODUCT_NAME = "$(TARGET_NAME)";
				PROVISIONING_PROFILE = "";
				WRAPPER_EXTENSION = app;
			};
			name = Debug;
		};
		5E1DF8CC1907BB8100127F56 /* Release */ = {
			isa = XCBuildConfiguration;
			buildSettings = {
				ASSETCATALOG_COMPILER_APPICON_NAME = AppIcon;
				ASSETCATALOG_COMPILER_LAUNCHIMAGE_NAME = LaunchImage;
				CODE_SIGN_IDENTITY = "iPhone Developer";
				"CODE_SIGN_IDENTITY[sdk=iphoneos*]" = "iPhone Developer";
				GCC_PRECOMPILE_PREFIX_HEADER = YES;
				GCC_PREFIX_HEADER = "rekola/rekola-Prefix.pch";
				INFOPLIST_FILE = "rekola/rekola-Info.plist";
				PRODUCT_NAME = "$(TARGET_NAME)";
				PROVISIONING_PROFILE = "";
				WRAPPER_EXTENSION = app;
			};
			name = Release;
		};
		5E1DF8CE1907BB8100127F56 /* Debug */ = {
			isa = XCBuildConfiguration;
			buildSettings = {
				ARCHS = "$(ARCHS_STANDARD_INCLUDING_64_BIT)";
				BUNDLE_LOADER = "$(BUILT_PRODUCTS_DIR)/rekola.app/rekola";
				FRAMEWORK_SEARCH_PATHS = (
					"$(SDKROOT)/Developer/Library/Frameworks",
					"$(inherited)",
					"$(DEVELOPER_FRAMEWORKS_DIR)",
				);
				GCC_PRECOMPILE_PREFIX_HEADER = YES;
				GCC_PREFIX_HEADER = "rekola/rekola-Prefix.pch";
				GCC_PREPROCESSOR_DEFINITIONS = (
					"DEBUG=1",
					"$(inherited)",
				);
				INFOPLIST_FILE = "rekolaTests/rekolaTests-Info.plist";
				PRODUCT_NAME = "$(TARGET_NAME)";
				TEST_HOST = "$(BUNDLE_LOADER)";
				WRAPPER_EXTENSION = xctest;
			};
			name = Debug;
		};
		5E1DF8CF1907BB8100127F56 /* Release */ = {
			isa = XCBuildConfiguration;
			buildSettings = {
				ARCHS = "$(ARCHS_STANDARD_INCLUDING_64_BIT)";
				BUNDLE_LOADER = "$(BUILT_PRODUCTS_DIR)/rekola.app/rekola";
				FRAMEWORK_SEARCH_PATHS = (
					"$(SDKROOT)/Developer/Library/Frameworks",
					"$(inherited)",
					"$(DEVELOPER_FRAMEWORKS_DIR)",
				);
				GCC_PRECOMPILE_PREFIX_HEADER = YES;
				GCC_PREFIX_HEADER = "rekola/rekola-Prefix.pch";
				INFOPLIST_FILE = "rekolaTests/rekolaTests-Info.plist";
				PRODUCT_NAME = "$(TARGET_NAME)";
				TEST_HOST = "$(BUNDLE_LOADER)";
				WRAPPER_EXTENSION = xctest;
			};
			name = Release;
		};
/* End XCBuildConfiguration section */

/* Begin XCConfigurationList section */
		5E1DF8931907BB8100127F56 /* Build configuration list for PBXProject "rekola" */ = {
			isa = XCConfigurationList;
			buildConfigurations = (
				5E1DF8C81907BB8100127F56 /* Debug */,
				5E1DF8C91907BB8100127F56 /* Release */,
			);
			defaultConfigurationIsVisible = 0;
			defaultConfigurationName = Release;
		};
		5E1DF8CA1907BB8100127F56 /* Build configuration list for PBXNativeTarget "rekola" */ = {
			isa = XCConfigurationList;
			buildConfigurations = (
				5E1DF8CB1907BB8100127F56 /* Debug */,
				5E1DF8CC1907BB8100127F56 /* Release */,
			);
			defaultConfigurationIsVisible = 0;
		};
		5E1DF8CD1907BB8100127F56 /* Build configuration list for PBXNativeTarget "rekolaTests" */ = {
			isa = XCConfigurationList;
			buildConfigurations = (
				5E1DF8CE1907BB8100127F56 /* Debug */,
				5E1DF8CF1907BB8100127F56 /* Release */,
			);
			defaultConfigurationIsVisible = 0;
		};
/* End XCConfigurationList section */
	};
	rootObject = 5E1DF8901907BB8100127F56 /* Project object */;
}
